// !$*UTF8*$!
{
	archiveVersion = 1;
	classes = {
	};
	objectVersion = 56;
	objects = {

/* Begin PBXBuildFile section */
		123F05FCD0BDF1F78E7C577D /* Pods_TrackerTests.framework in Frameworks */ = {isa = PBXBuildFile; fileRef = 3FB4816CCD7120CE7E3A5BD3 /* Pods_TrackerTests.framework */; };
		697AD049AB75D0CDC59DC153 /* Pods_Tracker.framework in Frameworks */ = {isa = PBXBuildFile; fileRef = BC6CDEF1122C2E2C60037C54 /* Pods_Tracker.framework */; };
		7485A6FC607874E5C7BD424A /* Pods_Tracker_TrackerUITests.framework in Frameworks */ = {isa = PBXBuildFile; fileRef = 036B9813D15B11814B904A08 /* Pods_Tracker_TrackerUITests.framework */; };
		D50E7C542A430E4B0076DE0E /* Localizable.strings in Resources */ = {isa = PBXBuildFile; fileRef = D50E7C562A430E4B0076DE0E /* Localizable.strings */; };
		D50E7C5A2A43134B0076DE0E /* Localizable.stringsdict in Resources */ = {isa = PBXBuildFile; fileRef = D50E7C5C2A43134B0076DE0E /* Localizable.stringsdict */; };
		D5116942298C5BA200D418EC /* TrackerCreationViewController.swift in Sources */ = {isa = PBXBuildFile; fileRef = D5116941298C5BA200D418EC /* TrackerCreationViewController.swift */; };
		D532D3462988601000572A8A /* TabBarController.swift in Sources */ = {isa = PBXBuildFile; fileRef = D532D3452988601000572A8A /* TabBarController.swift */; };
		D53EAE4829AE8A6600E40373 /* CategoryViewController.swift in Sources */ = {isa = PBXBuildFile; fileRef = D53EAE4729AE8A6600E40373 /* CategoryViewController.swift */; };
		D53EAE4A29AE8F0B00E40373 /* CategoryCreationViewController.swift in Sources */ = {isa = PBXBuildFile; fileRef = D53EAE4929AE8F0B00E40373 /* CategoryCreationViewController.swift */; };
		D53EAE4C29AEA4D300E40373 /* CategoryViewCell.swift in Sources */ = {isa = PBXBuildFile; fileRef = D53EAE4B29AEA4D300E40373 /* CategoryViewCell.swift */; };
		D54EF5F02A4C614E004D8E1D /* StatisticsViewModel.swift in Sources */ = {isa = PBXBuildFile; fileRef = D54EF5ED2A4C614E004D8E1D /* StatisticsViewModel.swift */; };
		D54EF5F12A4C614E004D8E1D /* StatisticsViewController.swift in Sources */ = {isa = PBXBuildFile; fileRef = D54EF5EE2A4C614E004D8E1D /* StatisticsViewController.swift */; };
		D54EF5F22A4C614E004D8E1D /* StatisticsViewItem.swift in Sources */ = {isa = PBXBuildFile; fileRef = D54EF5EF2A4C614E004D8E1D /* StatisticsViewItem.swift */; };
		D54EF5F42A4C6189004D8E1D /* StatisticsService.swift in Sources */ = {isa = PBXBuildFile; fileRef = D54EF5F32A4C6189004D8E1D /* StatisticsService.swift */; };
		D55805612A4A16740020446E /* Podfile in Resources */ = {isa = PBXBuildFile; fileRef = D55805602A4A16740020446E /* Podfile */; };
		D56E0C70298B12E7008E2038 /* TrackerSelectViewController.swift in Sources */ = {isa = PBXBuildFile; fileRef = D56E0C6F298B12E7008E2038 /* TrackerSelectViewController.swift */; };
		D57ADD1F2A47969400A227C2 /* FiltersViewController.swift in Sources */ = {isa = PBXBuildFile; fileRef = D57ADD1E2A47969400A227C2 /* FiltersViewController.swift */; };
		D57ADD212A47969A00A227C2 /* FiltersViewModel.swift in Sources */ = {isa = PBXBuildFile; fileRef = D57ADD202A47969A00A227C2 /* FiltersViewModel.swift */; };
		D57ADD232A4798FA00A227C2 /* TrackersFilter.swift in Sources */ = {isa = PBXBuildFile; fileRef = D57ADD222A4798FA00A227C2 /* TrackersFilter.swift */; };
		D57ADD252A47993200A227C2 /* TrackersFilterDescription.swift in Sources */ = {isa = PBXBuildFile; fileRef = D57ADD242A47993200A227C2 /* TrackersFilterDescription.swift */; };
		D57DA57E29D39F23003B5899 /* Declination.swift in Sources */ = {isa = PBXBuildFile; fileRef = D57DA57D29D39F23003B5899 /* Declination.swift */; };
		D58885B3299C3146003ED98D /* OnboardingViewController.swift in Sources */ = {isa = PBXBuildFile; fileRef = D58885B2299C3146003ED98D /* OnboardingViewController.swift */; };
		D58885B6299C31F0003ED98D /* YPButton.swift in Sources */ = {isa = PBXBuildFile; fileRef = D58885B5299C31F0003ED98D /* YPButton.swift */; };
		D58885BA299C3284003ED98D /* OnboardingPageViewController.swift in Sources */ = {isa = PBXBuildFile; fileRef = D58885B9299C3284003ED98D /* OnboardingPageViewController.swift */; };
		D58885BF299C34A3003ED98D /* ImageAsset.swift in Sources */ = {isa = PBXBuildFile; fileRef = D58885BE299C34A3003ED98D /* ImageAsset.swift */; };
		D58A5E9C298EB98D00260AC8 /* ColorAssets.swift in Sources */ = {isa = PBXBuildFile; fileRef = D58A5E9B298EB98D00260AC8 /* ColorAssets.swift */; };
		D58A5E9F298EBA3600260AC8 /* UIColor+HEX.swift in Sources */ = {isa = PBXBuildFile; fileRef = D58A5E9E298EBA3600260AC8 /* UIColor+HEX.swift */; };
		D58A5EA2298EC33000260AC8 /* Tracker.swift in Sources */ = {isa = PBXBuildFile; fileRef = D58A5EA1298EC33000260AC8 /* Tracker.swift */; };
		D58A5EA4298EC3D900260AC8 /* TrackerCategory.swift in Sources */ = {isa = PBXBuildFile; fileRef = D58A5EA3298EC3D900260AC8 /* TrackerCategory.swift */; };
		D58A5EA6298EC3E700260AC8 /* TrackerRecord.swift in Sources */ = {isa = PBXBuildFile; fileRef = D58A5EA5298EC3E700260AC8 /* TrackerRecord.swift */; };
		D58A5EA8298EC4E000260AC8 /* WeekDay.swift in Sources */ = {isa = PBXBuildFile; fileRef = D58A5EA7298EC4E000260AC8 /* WeekDay.swift */; };
		D58A5EAA298ED40300260AC8 /* ScheduleViewController.swift in Sources */ = {isa = PBXBuildFile; fileRef = D58A5EA9298ED40300260AC8 /* ScheduleViewController.swift */; };
		D58A5EAC298F19D600260AC8 /* ScheduleViewCell.swift in Sources */ = {isa = PBXBuildFile; fileRef = D58A5EAB298F19D600260AC8 /* ScheduleViewCell.swift */; };
		D58E01A329BE6ED900F5D4C2 /* Store.swift in Sources */ = {isa = PBXBuildFile; fileRef = D58E01A229BE6ED900F5D4C2 /* Store.swift */; };
		D58E01A529BE73C200F5D4C2 /* TrackerStore.swift in Sources */ = {isa = PBXBuildFile; fileRef = D58E01A429BE73C200F5D4C2 /* TrackerStore.swift */; };
		D58E01A929BE73E400F5D4C2 /* TrackerRecordStore.swift in Sources */ = {isa = PBXBuildFile; fileRef = D58E01A829BE73E400F5D4C2 /* TrackerRecordStore.swift */; };
		D58E01AB29BE772D00F5D4C2 /* TrackerCategoryStore.swift in Sources */ = {isa = PBXBuildFile; fileRef = D58E01AA29BE772D00F5D4C2 /* TrackerCategoryStore.swift */; };
		D590AB5A29B26658001B760E /* EmojiCell.swift in Sources */ = {isa = PBXBuildFile; fileRef = D590AB5929B26658001B760E /* EmojiCell.swift */; };
		D590AB5C29B284C3001B760E /* SubTableHeaderView.swift in Sources */ = {isa = PBXBuildFile; fileRef = D590AB5B29B284C3001B760E /* SubTableHeaderView.swift */; };
		D590AB5E29B28598001B760E /* ColorCell.swift in Sources */ = {isa = PBXBuildFile; fileRef = D590AB5D29B28598001B760E /* ColorCell.swift */; };
		D59938A929998E430093A4D6 /* TrackerCategoryHeaderView.swift in Sources */ = {isa = PBXBuildFile; fileRef = D59938A829998E430093A4D6 /* TrackerCategoryHeaderView.swift */; };
		D5A12CCC29A01C89003BA223 /* PlaceholderView.swift in Sources */ = {isa = PBXBuildFile; fileRef = D5A12CCB29A01C89003BA223 /* PlaceholderView.swift */; };
		D5B16DB1299ECBA1006334F1 /* YSDisplay-Medium.ttf in Resources */ = {isa = PBXBuildFile; fileRef = D5B16DAE299ECBA1006334F1 /* YSDisplay-Medium.ttf */; };
		D5B16DB2299ECBA1006334F1 /* YSDisplay-Regular.ttf in Resources */ = {isa = PBXBuildFile; fileRef = D5B16DAF299ECBA1006334F1 /* YSDisplay-Regular.ttf */; };
		D5B16DB3299ECBA1006334F1 /* YSDisplay-Bold.ttf in Resources */ = {isa = PBXBuildFile; fileRef = D5B16DB0299ECBA1006334F1 /* YSDisplay-Bold.ttf */; };
		D5B16DB5299ECDE9006334F1 /* FontAsset+UIFont.swift in Sources */ = {isa = PBXBuildFile; fileRef = D5B16DB4299ECDE9006334F1 /* FontAsset+UIFont.swift */; };
		D5B3C2A42999318000CE90E5 /* TrackerCollectionViewCell.swift in Sources */ = {isa = PBXBuildFile; fileRef = D5B3C2A32999318000CE90E5 /* TrackerCollectionViewCell.swift */; };
		D5BE07F329EB306300ED366D /* CategoriesViewModel.swift in Sources */ = {isa = PBXBuildFile; fileRef = D5BE07F229EB306300ED366D /* CategoriesViewModel.swift */; };
		D5D256762A3F60790076EE6E /* TrackersSubviewCell.swift in Sources */ = {isa = PBXBuildFile; fileRef = D5D256752A3F60790076EE6E /* TrackersSubviewCell.swift */; };
		D5D3696D2990188000B0D0F0 /* ScheduleButton.swift in Sources */ = {isa = PBXBuildFile; fileRef = D5D3696C2990188000B0D0F0 /* ScheduleButton.swift */; };
		D5D5FD982A4A1E250052A8A7 /* AppMetrica.swift in Sources */ = {isa = PBXBuildFile; fileRef = D5D5FD942A4A1E250052A8A7 /* AppMetrica.swift */; };
		D5D5FD992A4A1E250052A8A7 /* AnalyticsServicesProtocol.swift in Sources */ = {isa = PBXBuildFile; fileRef = D5D5FD952A4A1E250052A8A7 /* AnalyticsServicesProtocol.swift */; };
		D5D5FD9A2A4A1E250052A8A7 /* AnalyticsServiceProtocol.swift in Sources */ = {isa = PBXBuildFile; fileRef = D5D5FD962A4A1E250052A8A7 /* AnalyticsServiceProtocol.swift */; };
		D5D5FD9B2A4A1E250052A8A7 /* AnalyticsService.swift in Sources */ = {isa = PBXBuildFile; fileRef = D5D5FD972A4A1E250052A8A7 /* AnalyticsService.swift */; };
		D5D5FD9D2A4A1EAD0052A8A7 /* Constants.swift in Sources */ = {isa = PBXBuildFile; fileRef = D5D5FD9C2A4A1EAD0052A8A7 /* Constants.swift */; };
		D5D5FDAA2A4A2C7B0052A8A7 /* SnapshotTesting in Frameworks */ = {isa = PBXBuildFile; productRef = D5D5FDA92A4A2C7B0052A8A7 /* SnapshotTesting */; };
		D5DC2D4C2985CD6C001F9D7B /* AppDelegate.swift in Sources */ = {isa = PBXBuildFile; fileRef = D5DC2D4B2985CD6C001F9D7B /* AppDelegate.swift */; };
		D5DC2D4E2985CD6C001F9D7B /* SceneDelegate.swift in Sources */ = {isa = PBXBuildFile; fileRef = D5DC2D4D2985CD6C001F9D7B /* SceneDelegate.swift */; };
		D5DC2D502985CD6C001F9D7B /* TrackersViewController.swift in Sources */ = {isa = PBXBuildFile; fileRef = D5DC2D4F2985CD6C001F9D7B /* TrackersViewController.swift */; };
		D5DC2D532985CD6C001F9D7B /* Main.storyboard in Resources */ = {isa = PBXBuildFile; fileRef = D5DC2D512985CD6C001F9D7B /* Main.storyboard */; };
		D5DC2D562985CD6C001F9D7B /* Tracker.xcdatamodeld in Sources */ = {isa = PBXBuildFile; fileRef = D5DC2D542985CD6C001F9D7B /* Tracker.xcdatamodeld */; };
		D5DC2D582985CD6D001F9D7B /* Assets.xcassets in Resources */ = {isa = PBXBuildFile; fileRef = D5DC2D572985CD6D001F9D7B /* Assets.xcassets */; };
		D5DC2D5B2985CD6D001F9D7B /* LaunchScreen.storyboard in Resources */ = {isa = PBXBuildFile; fileRef = D5DC2D592985CD6D001F9D7B /* LaunchScreen.storyboard */; };
		D5DC2D662985CD6D001F9D7B /* TrackerTests.swift in Sources */ = {isa = PBXBuildFile; fileRef = D5DC2D652985CD6D001F9D7B /* TrackerTests.swift */; };
		D5DC2D702985CD6D001F9D7B /* TrackerUITests.swift in Sources */ = {isa = PBXBuildFile; fileRef = D5DC2D6F2985CD6D001F9D7B /* TrackerUITests.swift */; };
		D5DC2D722985CD6D001F9D7B /* TrackerUITestsLaunchTests.swift in Sources */ = {isa = PBXBuildFile; fileRef = D5DC2D712985CD6D001F9D7B /* TrackerUITestsLaunchTests.swift */; };
/* End PBXBuildFile section */

/* Begin PBXContainerItemProxy section */
		D5DC2D622985CD6D001F9D7B /* PBXContainerItemProxy */ = {
			isa = PBXContainerItemProxy;
			containerPortal = D5DC2D402985CD6C001F9D7B /* Project object */;
			proxyType = 1;
			remoteGlobalIDString = D5DC2D472985CD6C001F9D7B;
			remoteInfo = Tracker;
		};
		D5DC2D6C2985CD6D001F9D7B /* PBXContainerItemProxy */ = {
			isa = PBXContainerItemProxy;
			containerPortal = D5DC2D402985CD6C001F9D7B /* Project object */;
			proxyType = 1;
			remoteGlobalIDString = D5DC2D472985CD6C001F9D7B;
			remoteInfo = Tracker;
		};
/* End PBXContainerItemProxy section */

/* Begin PBXFileReference section */
		036B9813D15B11814B904A08 /* Pods_Tracker_TrackerUITests.framework */ = {isa = PBXFileReference; explicitFileType = wrapper.framework; includeInIndex = 0; path = Pods_Tracker_TrackerUITests.framework; sourceTree = BUILT_PRODUCTS_DIR; };
		25A5E2CBA53F8AF44597042C /* Pods-Tracker.release.xcconfig */ = {isa = PBXFileReference; includeInIndex = 1; lastKnownFileType = text.xcconfig; name = "Pods-Tracker.release.xcconfig"; path = "Target Support Files/Pods-Tracker/Pods-Tracker.release.xcconfig"; sourceTree = "<group>"; };
		27A89B3B3D519F8E6A0B9E57 /* Pods-Tracker-TrackerUITests.release.xcconfig */ = {isa = PBXFileReference; includeInIndex = 1; lastKnownFileType = text.xcconfig; name = "Pods-Tracker-TrackerUITests.release.xcconfig"; path = "Target Support Files/Pods-Tracker-TrackerUITests/Pods-Tracker-TrackerUITests.release.xcconfig"; sourceTree = "<group>"; };
		3FB4816CCD7120CE7E3A5BD3 /* Pods_TrackerTests.framework */ = {isa = PBXFileReference; explicitFileType = wrapper.framework; includeInIndex = 0; path = Pods_TrackerTests.framework; sourceTree = BUILT_PRODUCTS_DIR; };
		5C0C092A128B44B268BC0C78 /* Pods-TrackerTests.debug.xcconfig */ = {isa = PBXFileReference; includeInIndex = 1; lastKnownFileType = text.xcconfig; name = "Pods-TrackerTests.debug.xcconfig"; path = "Target Support Files/Pods-TrackerTests/Pods-TrackerTests.debug.xcconfig"; sourceTree = "<group>"; };
		7F6683B6908526417B03FA93 /* Pods-TrackerTests.release.xcconfig */ = {isa = PBXFileReference; includeInIndex = 1; lastKnownFileType = text.xcconfig; name = "Pods-TrackerTests.release.xcconfig"; path = "Target Support Files/Pods-TrackerTests/Pods-TrackerTests.release.xcconfig"; sourceTree = "<group>"; };
		817E9D54588759240D45887E /* Pods-Tracker.debug.xcconfig */ = {isa = PBXFileReference; includeInIndex = 1; lastKnownFileType = text.xcconfig; name = "Pods-Tracker.debug.xcconfig"; path = "Target Support Files/Pods-Tracker/Pods-Tracker.debug.xcconfig"; sourceTree = "<group>"; };
		957A037F7EE6AE2981EE00D3 /* Pods-Tracker-TrackerUITests.debug.xcconfig */ = {isa = PBXFileReference; includeInIndex = 1; lastKnownFileType = text.xcconfig; name = "Pods-Tracker-TrackerUITests.debug.xcconfig"; path = "Target Support Files/Pods-Tracker-TrackerUITests/Pods-Tracker-TrackerUITests.debug.xcconfig"; sourceTree = "<group>"; };
		BC6CDEF1122C2E2C60037C54 /* Pods_Tracker.framework */ = {isa = PBXFileReference; explicitFileType = wrapper.framework; includeInIndex = 0; path = Pods_Tracker.framework; sourceTree = BUILT_PRODUCTS_DIR; };
		D50E7C522A430DFF0076DE0E /* ru */ = {isa = PBXFileReference; lastKnownFileType = text.plist.strings; name = ru; path = ru.lproj/Main.strings; sourceTree = "<group>"; };
		D50E7C532A430DFF0076DE0E /* ru */ = {isa = PBXFileReference; lastKnownFileType = text.plist.strings; name = ru; path = ru.lproj/LaunchScreen.strings; sourceTree = "<group>"; };
		D50E7C552A430E4B0076DE0E /* en */ = {isa = PBXFileReference; lastKnownFileType = text.plist.strings; name = en; path = en.lproj/Localizable.strings; sourceTree = "<group>"; };
		D50E7C572A430E4E0076DE0E /* ru */ = {isa = PBXFileReference; lastKnownFileType = text.plist.strings; name = ru; path = ru.lproj/Localizable.strings; sourceTree = "<group>"; };
		D50E7C5B2A43134B0076DE0E /* en */ = {isa = PBXFileReference; lastKnownFileType = text.plist.stringsdict; name = en; path = en.lproj/Localizable.stringsdict; sourceTree = "<group>"; };
		D50E7C5D2A4313500076DE0E /* ru */ = {isa = PBXFileReference; lastKnownFileType = text.plist.stringsdict; name = ru; path = ru.lproj/Localizable.stringsdict; sourceTree = "<group>"; };
		D5116941298C5BA200D418EC /* TrackerCreationViewController.swift */ = {isa = PBXFileReference; lastKnownFileType = sourcecode.swift; path = TrackerCreationViewController.swift; sourceTree = "<group>"; };
		D532D3452988601000572A8A /* TabBarController.swift */ = {isa = PBXFileReference; lastKnownFileType = sourcecode.swift; path = TabBarController.swift; sourceTree = "<group>"; };
		D53EAE4729AE8A6600E40373 /* CategoryViewController.swift */ = {isa = PBXFileReference; lastKnownFileType = sourcecode.swift; path = CategoryViewController.swift; sourceTree = "<group>"; };
		D53EAE4929AE8F0B00E40373 /* CategoryCreationViewController.swift */ = {isa = PBXFileReference; lastKnownFileType = sourcecode.swift; path = CategoryCreationViewController.swift; sourceTree = "<group>"; };
		D53EAE4B29AEA4D300E40373 /* CategoryViewCell.swift */ = {isa = PBXFileReference; lastKnownFileType = sourcecode.swift; path = CategoryViewCell.swift; sourceTree = "<group>"; };
		D54EF5ED2A4C614E004D8E1D /* StatisticsViewModel.swift */ = {isa = PBXFileReference; fileEncoding = 4; lastKnownFileType = sourcecode.swift; path = StatisticsViewModel.swift; sourceTree = "<group>"; };
		D54EF5EE2A4C614E004D8E1D /* StatisticsViewController.swift */ = {isa = PBXFileReference; fileEncoding = 4; lastKnownFileType = sourcecode.swift; path = StatisticsViewController.swift; sourceTree = "<group>"; };
		D54EF5EF2A4C614E004D8E1D /* StatisticsViewItem.swift */ = {isa = PBXFileReference; fileEncoding = 4; lastKnownFileType = sourcecode.swift; path = StatisticsViewItem.swift; sourceTree = "<group>"; };
		D54EF5F32A4C6189004D8E1D /* StatisticsService.swift */ = {isa = PBXFileReference; fileEncoding = 4; lastKnownFileType = sourcecode.swift; path = StatisticsService.swift; sourceTree = "<group>"; };
		D55805602A4A16740020446E /* Podfile */ = {isa = PBXFileReference; fileEncoding = 4; lastKnownFileType = text; path = Podfile; sourceTree = SOURCE_ROOT; };
		D56E0C6F298B12E7008E2038 /* TrackerSelectViewController.swift */ = {isa = PBXFileReference; lastKnownFileType = sourcecode.swift; path = TrackerSelectViewController.swift; sourceTree = "<group>"; };
		D57ADD1E2A47969400A227C2 /* FiltersViewController.swift */ = {isa = PBXFileReference; fileEncoding = 4; lastKnownFileType = sourcecode.swift; path = FiltersViewController.swift; sourceTree = "<group>"; };
		D57ADD202A47969A00A227C2 /* FiltersViewModel.swift */ = {isa = PBXFileReference; fileEncoding = 4; lastKnownFileType = sourcecode.swift; path = FiltersViewModel.swift; sourceTree = "<group>"; };
		D57ADD222A4798FA00A227C2 /* TrackersFilter.swift */ = {isa = PBXFileReference; lastKnownFileType = sourcecode.swift; path = TrackersFilter.swift; sourceTree = "<group>"; };
		D57ADD242A47993200A227C2 /* TrackersFilterDescription.swift */ = {isa = PBXFileReference; fileEncoding = 4; lastKnownFileType = sourcecode.swift; path = TrackersFilterDescription.swift; sourceTree = "<group>"; };
		D57DA57D29D39F23003B5899 /* Declination.swift */ = {isa = PBXFileReference; lastKnownFileType = sourcecode.swift; path = Declination.swift; sourceTree = "<group>"; };
		D58885B2299C3146003ED98D /* OnboardingViewController.swift */ = {isa = PBXFileReference; lastKnownFileType = sourcecode.swift; path = OnboardingViewController.swift; sourceTree = "<group>"; };
		D58885B5299C31F0003ED98D /* YPButton.swift */ = {isa = PBXFileReference; lastKnownFileType = sourcecode.swift; path = YPButton.swift; sourceTree = "<group>"; };
		D58885B9299C3284003ED98D /* OnboardingPageViewController.swift */ = {isa = PBXFileReference; lastKnownFileType = sourcecode.swift; path = OnboardingPageViewController.swift; sourceTree = "<group>"; };
		D58885BE299C34A3003ED98D /* ImageAsset.swift */ = {isa = PBXFileReference; lastKnownFileType = sourcecode.swift; path = ImageAsset.swift; sourceTree = "<group>"; };
		D58A5E9B298EB98D00260AC8 /* ColorAssets.swift */ = {isa = PBXFileReference; lastKnownFileType = sourcecode.swift; path = ColorAssets.swift; sourceTree = "<group>"; };
		D58A5E9E298EBA3600260AC8 /* UIColor+HEX.swift */ = {isa = PBXFileReference; lastKnownFileType = sourcecode.swift; path = "UIColor+HEX.swift"; sourceTree = "<group>"; };
		D58A5EA1298EC33000260AC8 /* Tracker.swift */ = {isa = PBXFileReference; lastKnownFileType = sourcecode.swift; path = Tracker.swift; sourceTree = "<group>"; };
		D58A5EA3298EC3D900260AC8 /* TrackerCategory.swift */ = {isa = PBXFileReference; lastKnownFileType = sourcecode.swift; path = TrackerCategory.swift; sourceTree = "<group>"; };
		D58A5EA5298EC3E700260AC8 /* TrackerRecord.swift */ = {isa = PBXFileReference; lastKnownFileType = sourcecode.swift; path = TrackerRecord.swift; sourceTree = "<group>"; };
		D58A5EA7298EC4E000260AC8 /* WeekDay.swift */ = {isa = PBXFileReference; lastKnownFileType = sourcecode.swift; path = WeekDay.swift; sourceTree = "<group>"; };
		D58A5EA9298ED40300260AC8 /* ScheduleViewController.swift */ = {isa = PBXFileReference; lastKnownFileType = sourcecode.swift; path = ScheduleViewController.swift; sourceTree = "<group>"; };
		D58A5EAB298F19D600260AC8 /* ScheduleViewCell.swift */ = {isa = PBXFileReference; lastKnownFileType = sourcecode.swift; path = ScheduleViewCell.swift; sourceTree = "<group>"; };
		D58E01A229BE6ED900F5D4C2 /* Store.swift */ = {isa = PBXFileReference; lastKnownFileType = sourcecode.swift; path = Store.swift; sourceTree = "<group>"; };
		D58E01A429BE73C200F5D4C2 /* TrackerStore.swift */ = {isa = PBXFileReference; lastKnownFileType = sourcecode.swift; path = TrackerStore.swift; sourceTree = "<group>"; };
		D58E01A829BE73E400F5D4C2 /* TrackerRecordStore.swift */ = {isa = PBXFileReference; lastKnownFileType = sourcecode.swift; path = TrackerRecordStore.swift; sourceTree = "<group>"; };
		D58E01AA29BE772D00F5D4C2 /* TrackerCategoryStore.swift */ = {isa = PBXFileReference; lastKnownFileType = sourcecode.swift; path = TrackerCategoryStore.swift; sourceTree = "<group>"; };
		D590AB5929B26658001B760E /* EmojiCell.swift */ = {isa = PBXFileReference; lastKnownFileType = sourcecode.swift; path = EmojiCell.swift; sourceTree = "<group>"; };
		D590AB5B29B284C3001B760E /* SubTableHeaderView.swift */ = {isa = PBXFileReference; lastKnownFileType = sourcecode.swift; path = SubTableHeaderView.swift; sourceTree = "<group>"; };
		D590AB5D29B28598001B760E /* ColorCell.swift */ = {isa = PBXFileReference; lastKnownFileType = sourcecode.swift; path = ColorCell.swift; sourceTree = "<group>"; };
		D59938A829998E430093A4D6 /* TrackerCategoryHeaderView.swift */ = {isa = PBXFileReference; lastKnownFileType = sourcecode.swift; path = TrackerCategoryHeaderView.swift; sourceTree = "<group>"; };
		D5A12CCB29A01C89003BA223 /* PlaceholderView.swift */ = {isa = PBXFileReference; fileEncoding = 4; lastKnownFileType = sourcecode.swift; path = PlaceholderView.swift; sourceTree = "<group>"; };
		D5B16DAE299ECBA1006334F1 /* YSDisplay-Medium.ttf */ = {isa = PBXFileReference; lastKnownFileType = file; path = "YSDisplay-Medium.ttf"; sourceTree = "<group>"; };
		D5B16DAF299ECBA1006334F1 /* YSDisplay-Regular.ttf */ = {isa = PBXFileReference; lastKnownFileType = file; path = "YSDisplay-Regular.ttf"; sourceTree = "<group>"; };
		D5B16DB0299ECBA1006334F1 /* YSDisplay-Bold.ttf */ = {isa = PBXFileReference; lastKnownFileType = file; path = "YSDisplay-Bold.ttf"; sourceTree = "<group>"; };
		D5B16DB4299ECDE9006334F1 /* FontAsset+UIFont.swift */ = {isa = PBXFileReference; fileEncoding = 4; lastKnownFileType = sourcecode.swift; path = "FontAsset+UIFont.swift"; sourceTree = "<group>"; };
		D5B3C2A32999318000CE90E5 /* TrackerCollectionViewCell.swift */ = {isa = PBXFileReference; lastKnownFileType = sourcecode.swift; path = TrackerCollectionViewCell.swift; sourceTree = "<group>"; };
		D5BE07F229EB306300ED366D /* CategoriesViewModel.swift */ = {isa = PBXFileReference; lastKnownFileType = sourcecode.swift; path = CategoriesViewModel.swift; sourceTree = "<group>"; };
		D5D256752A3F60790076EE6E /* TrackersSubviewCell.swift */ = {isa = PBXFileReference; fileEncoding = 4; lastKnownFileType = sourcecode.swift; path = TrackersSubviewCell.swift; sourceTree = "<group>"; };
		D5D3696C2990188000B0D0F0 /* ScheduleButton.swift */ = {isa = PBXFileReference; lastKnownFileType = sourcecode.swift; path = ScheduleButton.swift; sourceTree = "<group>"; };
		D5D5FD942A4A1E250052A8A7 /* AppMetrica.swift */ = {isa = PBXFileReference; fileEncoding = 4; lastKnownFileType = sourcecode.swift; path = AppMetrica.swift; sourceTree = "<group>"; };
		D5D5FD952A4A1E250052A8A7 /* AnalyticsServicesProtocol.swift */ = {isa = PBXFileReference; fileEncoding = 4; lastKnownFileType = sourcecode.swift; path = AnalyticsServicesProtocol.swift; sourceTree = "<group>"; };
		D5D5FD962A4A1E250052A8A7 /* AnalyticsServiceProtocol.swift */ = {isa = PBXFileReference; fileEncoding = 4; lastKnownFileType = sourcecode.swift; path = AnalyticsServiceProtocol.swift; sourceTree = "<group>"; };
		D5D5FD972A4A1E250052A8A7 /* AnalyticsService.swift */ = {isa = PBXFileReference; fileEncoding = 4; lastKnownFileType = sourcecode.swift; path = AnalyticsService.swift; sourceTree = "<group>"; };
		D5D5FD9C2A4A1EAD0052A8A7 /* Constants.swift */ = {isa = PBXFileReference; lastKnownFileType = sourcecode.swift; path = Constants.swift; sourceTree = "<group>"; };
		D5DC2D482985CD6C001F9D7B /* Tracker.app */ = {isa = PBXFileReference; explicitFileType = wrapper.application; includeInIndex = 0; path = Tracker.app; sourceTree = BUILT_PRODUCTS_DIR; };
		D5DC2D4B2985CD6C001F9D7B /* AppDelegate.swift */ = {isa = PBXFileReference; lastKnownFileType = sourcecode.swift; path = AppDelegate.swift; sourceTree = "<group>"; };
		D5DC2D4D2985CD6C001F9D7B /* SceneDelegate.swift */ = {isa = PBXFileReference; lastKnownFileType = sourcecode.swift; path = SceneDelegate.swift; sourceTree = "<group>"; };
		D5DC2D4F2985CD6C001F9D7B /* TrackersViewController.swift */ = {isa = PBXFileReference; lastKnownFileType = sourcecode.swift; path = TrackersViewController.swift; sourceTree = "<group>"; };
		D5DC2D522985CD6C001F9D7B /* Base */ = {isa = PBXFileReference; lastKnownFileType = file.storyboard; name = Base; path = Base.lproj/Main.storyboard; sourceTree = "<group>"; };
		D5DC2D552985CD6C001F9D7B /* Tracker.xcdatamodel */ = {isa = PBXFileReference; lastKnownFileType = wrapper.xcdatamodel; path = Tracker.xcdatamodel; sourceTree = "<group>"; };
		D5DC2D572985CD6D001F9D7B /* Assets.xcassets */ = {isa = PBXFileReference; lastKnownFileType = folder.assetcatalog; path = Assets.xcassets; sourceTree = "<group>"; };
		D5DC2D5A2985CD6D001F9D7B /* Base */ = {isa = PBXFileReference; lastKnownFileType = file.storyboard; name = Base; path = Base.lproj/LaunchScreen.storyboard; sourceTree = "<group>"; };
		D5DC2D5C2985CD6D001F9D7B /* Info.plist */ = {isa = PBXFileReference; lastKnownFileType = text.plist.xml; path = Info.plist; sourceTree = "<group>"; };
		D5DC2D612985CD6D001F9D7B /* TrackerTests.xctest */ = {isa = PBXFileReference; explicitFileType = wrapper.cfbundle; includeInIndex = 0; path = TrackerTests.xctest; sourceTree = BUILT_PRODUCTS_DIR; };
		D5DC2D652985CD6D001F9D7B /* TrackerTests.swift */ = {isa = PBXFileReference; lastKnownFileType = sourcecode.swift; path = TrackerTests.swift; sourceTree = "<group>"; };
		D5DC2D6B2985CD6D001F9D7B /* TrackerUITests.xctest */ = {isa = PBXFileReference; explicitFileType = wrapper.cfbundle; includeInIndex = 0; path = TrackerUITests.xctest; sourceTree = BUILT_PRODUCTS_DIR; };
		D5DC2D6F2985CD6D001F9D7B /* TrackerUITests.swift */ = {isa = PBXFileReference; lastKnownFileType = sourcecode.swift; path = TrackerUITests.swift; sourceTree = "<group>"; };
		D5DC2D712985CD6D001F9D7B /* TrackerUITestsLaunchTests.swift */ = {isa = PBXFileReference; lastKnownFileType = sourcecode.swift; path = TrackerUITestsLaunchTests.swift; sourceTree = "<group>"; };
/* End PBXFileReference section */

/* Begin PBXFrameworksBuildPhase section */
		D5DC2D452985CD6C001F9D7B /* Frameworks */ = {
			isa = PBXFrameworksBuildPhase;
			buildActionMask = 2147483647;
			files = (
				697AD049AB75D0CDC59DC153 /* Pods_Tracker.framework in Frameworks */,
			);
			runOnlyForDeploymentPostprocessing = 0;
		};
		D5DC2D5E2985CD6D001F9D7B /* Frameworks */ = {
			isa = PBXFrameworksBuildPhase;
			buildActionMask = 2147483647;
			files = (
				123F05FCD0BDF1F78E7C577D /* Pods_TrackerTests.framework in Frameworks */,
				D5D5FDAA2A4A2C7B0052A8A7 /* SnapshotTesting in Frameworks */,
			);
			runOnlyForDeploymentPostprocessing = 0;
		};
		D5DC2D682985CD6D001F9D7B /* Frameworks */ = {
			isa = PBXFrameworksBuildPhase;
			buildActionMask = 2147483647;
			files = (
				7485A6FC607874E5C7BD424A /* Pods_Tracker_TrackerUITests.framework in Frameworks */,
			);
			runOnlyForDeploymentPostprocessing = 0;
		};
/* End PBXFrameworksBuildPhase section */

/* Begin PBXGroup section */
		8AA5CB45E33A707DEBEADD5D /* Pods */ = {
			isa = PBXGroup;
			children = (
				817E9D54588759240D45887E /* Pods-Tracker.debug.xcconfig */,
				25A5E2CBA53F8AF44597042C /* Pods-Tracker.release.xcconfig */,
				957A037F7EE6AE2981EE00D3 /* Pods-Tracker-TrackerUITests.debug.xcconfig */,
				27A89B3B3D519F8E6A0B9E57 /* Pods-Tracker-TrackerUITests.release.xcconfig */,
				5C0C092A128B44B268BC0C78 /* Pods-TrackerTests.debug.xcconfig */,
				7F6683B6908526417B03FA93 /* Pods-TrackerTests.release.xcconfig */,
			);
			path = Pods;
			sourceTree = "<group>";
		};
		D53EAE4629AE8A4100E40373 /* Category */ = {
			isa = PBXGroup;
			children = (
				D53EAE4729AE8A6600E40373 /* CategoryViewController.swift */,
				D5BE07F229EB306300ED366D /* CategoriesViewModel.swift */,
				D53EAE4929AE8F0B00E40373 /* CategoryCreationViewController.swift */,
				D53EAE4B29AEA4D300E40373 /* CategoryViewCell.swift */,
			);
			path = Category;
			sourceTree = "<group>";
		};
		D54EF5EC2A4C614E004D8E1D /* Statistics */ = {
			isa = PBXGroup;
			children = (
				D54EF5ED2A4C614E004D8E1D /* StatisticsViewModel.swift */,
				D54EF5EE2A4C614E004D8E1D /* StatisticsViewController.swift */,
				D54EF5EF2A4C614E004D8E1D /* StatisticsViewItem.swift */,
			);
			path = Statistics;
			sourceTree = "<group>";
		};
		D57ADD1D2A47962C00A227C2 /* Filters */ = {
			isa = PBXGroup;
			children = (
				D57ADD1E2A47969400A227C2 /* FiltersViewController.swift */,
				D57ADD202A47969A00A227C2 /* FiltersViewModel.swift */,
			);
			path = Filters;
			sourceTree = "<group>";
		};
		D58885B4299C31C2003ED98D /* Components */ = {
			isa = PBXGroup;
			children = (
				D5A12CCB29A01C89003BA223 /* PlaceholderView.swift */,
				D58885B5299C31F0003ED98D /* YPButton.swift */,
			);
			path = Components;
			sourceTree = "<group>";
		};
		D58885B7299C324D003ED98D /* Scenes */ = {
			isa = PBXGroup;
			children = (
				D54EF5EC2A4C614E004D8E1D /* Statistics */,
				D57ADD1D2A47962C00A227C2 /* Filters */,
				D53EAE4629AE8A4100E40373 /* Category */,
				D58885BD299C3406003ED98D /* Schedule */,
				D58885BC299C33E1003ED98D /* Tracker */,
				D58885BB299C33BD003ED98D /* Trackers */,
				D58885B8299C3256003ED98D /* Onboarding */,
			);
			path = Scenes;
			sourceTree = "<group>";
		};
		D58885B8299C3256003ED98D /* Onboarding */ = {
			isa = PBXGroup;
			children = (
				D58885B2299C3146003ED98D /* OnboardingViewController.swift */,
				D58885B9299C3284003ED98D /* OnboardingPageViewController.swift */,
			);
			path = Onboarding;
			sourceTree = "<group>";
		};
		D58885BB299C33BD003ED98D /* Trackers */ = {
			isa = PBXGroup;
			children = (
				D5DC2D4F2985CD6C001F9D7B /* TrackersViewController.swift */,
			);
			path = Trackers;
			sourceTree = "<group>";
		};
		D58885BC299C33E1003ED98D /* Tracker */ = {
			isa = PBXGroup;
			children = (
				D590AB5829B26633001B760E /* Components */,
				D56E0C6F298B12E7008E2038 /* TrackerSelectViewController.swift */,
				D5B3C2A32999318000CE90E5 /* TrackerCollectionViewCell.swift */,
				D5D256752A3F60790076EE6E /* TrackersSubviewCell.swift */,
				D59938A829998E430093A4D6 /* TrackerCategoryHeaderView.swift */,
				D5116941298C5BA200D418EC /* TrackerCreationViewController.swift */,
			);
			path = Tracker;
			sourceTree = "<group>";
		};
		D58885BD299C3406003ED98D /* Schedule */ = {
			isa = PBXGroup;
			children = (
				D5D3696C2990188000B0D0F0 /* ScheduleButton.swift */,
				D58A5EAB298F19D600260AC8 /* ScheduleViewCell.swift */,
				D58A5EA9298ED40300260AC8 /* ScheduleViewController.swift */,
			);
			path = Schedule;
			sourceTree = "<group>";
		};
		D58A5E9A298EB97200260AC8 /* Resources */ = {
			isa = PBXGroup;
			children = (
				D5B16DAD299ECBA1006334F1 /* Fonts */,
				D58A5E9B298EB98D00260AC8 /* ColorAssets.swift */,
				D5B16DB4299ECDE9006334F1 /* FontAsset+UIFont.swift */,
				D58885BE299C34A3003ED98D /* ImageAsset.swift */,
				D50E7C562A430E4B0076DE0E /* Localizable.strings */,
				D50E7C5C2A43134B0076DE0E /* Localizable.stringsdict */,
			);
			path = Resources;
			sourceTree = "<group>";
		};
		D58A5E9D298EBA0E00260AC8 /* Helpers */ = {
			isa = PBXGroup;
			children = (
				D58A5E9E298EBA3600260AC8 /* UIColor+HEX.swift */,
				D57DA57D29D39F23003B5899 /* Declination.swift */,
				D57ADD242A47993200A227C2 /* TrackersFilterDescription.swift */,
				D57ADD222A4798FA00A227C2 /* TrackersFilter.swift */,
				D5D5FD9C2A4A1EAD0052A8A7 /* Constants.swift */,
			);
			path = Helpers;
			sourceTree = "<group>";
		};
		D58A5EA0298EC31400260AC8 /* Models */ = {
			isa = PBXGroup;
			children = (
				D58A5EA1298EC33000260AC8 /* Tracker.swift */,
				D58A5EA7298EC4E000260AC8 /* WeekDay.swift */,
				D58A5EA3298EC3D900260AC8 /* TrackerCategory.swift */,
				D58A5EA5298EC3E700260AC8 /* TrackerRecord.swift */,
			);
			path = Models;
			sourceTree = "<group>";
		};
		D58E01A129BE6D2E00F5D4C2 /* Store */ = {
			isa = PBXGroup;
			children = (
				D58E01A229BE6ED900F5D4C2 /* Store.swift */,
				D58E01A429BE73C200F5D4C2 /* TrackerStore.swift */,
				D58E01AA29BE772D00F5D4C2 /* TrackerCategoryStore.swift */,
				D58E01A829BE73E400F5D4C2 /* TrackerRecordStore.swift */,
			);
			path = Store;
			sourceTree = "<group>";
		};
		D590AB5829B26633001B760E /* Components */ = {
			isa = PBXGroup;
			children = (
				D590AB5929B26658001B760E /* EmojiCell.swift */,
				D590AB5B29B284C3001B760E /* SubTableHeaderView.swift */,
				D590AB5D29B28598001B760E /* ColorCell.swift */,
			);
			path = Components;
			sourceTree = "<group>";
		};
		D5B16DAD299ECBA1006334F1 /* Fonts */ = {
			isa = PBXGroup;
			children = (
				D5B16DAE299ECBA1006334F1 /* YSDisplay-Medium.ttf */,
				D5B16DAF299ECBA1006334F1 /* YSDisplay-Regular.ttf */,
				D5B16DB0299ECBA1006334F1 /* YSDisplay-Bold.ttf */,
			);
			path = Fonts;
			sourceTree = "<group>";
		};
		D5D5FD912A4A1E180052A8A7 /* Services */ = {
			isa = PBXGroup;
			children = (
				D54EF5F32A4C6189004D8E1D /* StatisticsService.swift */,
				D5D5FD922A4A1E250052A8A7 /* Analytics */,
			);
			path = Services;
			sourceTree = "<group>";
		};
		D5D5FD922A4A1E250052A8A7 /* Analytics */ = {
			isa = PBXGroup;
			children = (
				D5D5FD932A4A1E250052A8A7 /* AnalyticsServices */,
				D5D5FD952A4A1E250052A8A7 /* AnalyticsServicesProtocol.swift */,
				D5D5FD962A4A1E250052A8A7 /* AnalyticsServiceProtocol.swift */,
				D5D5FD972A4A1E250052A8A7 /* AnalyticsService.swift */,
			);
			path = Analytics;
			sourceTree = "<group>";
		};
		D5D5FD932A4A1E250052A8A7 /* AnalyticsServices */ = {
			isa = PBXGroup;
			children = (
				D5D5FD942A4A1E250052A8A7 /* AppMetrica.swift */,
			);
			path = AnalyticsServices;
			sourceTree = "<group>";
		};
		D5DC2D3F2985CD6C001F9D7B = {
			isa = PBXGroup;
			children = (
				D5DC2D4A2985CD6C001F9D7B /* Tracker */,
				D5DC2D642985CD6D001F9D7B /* TrackerTests */,
				D5DC2D6E2985CD6D001F9D7B /* TrackerUITests */,
				D5DC2D492985CD6C001F9D7B /* Products */,
				8AA5CB45E33A707DEBEADD5D /* Pods */,
				DF413E534A13AA43365CD045 /* Frameworks */,
			);
			sourceTree = "<group>";
		};
		D5DC2D492985CD6C001F9D7B /* Products */ = {
			isa = PBXGroup;
			children = (
				D5DC2D482985CD6C001F9D7B /* Tracker.app */,
				D5DC2D612985CD6D001F9D7B /* TrackerTests.xctest */,
				D5DC2D6B2985CD6D001F9D7B /* TrackerUITests.xctest */,
			);
			name = Products;
			sourceTree = "<group>";
		};
		D5DC2D4A2985CD6C001F9D7B /* Tracker */ = {
			isa = PBXGroup;
			children = (
				D5D5FD912A4A1E180052A8A7 /* Services */,
				D58E01A129BE6D2E00F5D4C2 /* Store */,
				D58885B7299C324D003ED98D /* Scenes */,
				D58885B4299C31C2003ED98D /* Components */,
				D58A5E9D298EBA0E00260AC8 /* Helpers */,
				D5DC2D4B2985CD6C001F9D7B /* AppDelegate.swift */,
				D5DC2D4D2985CD6C001F9D7B /* SceneDelegate.swift */,
				D58A5EA0298EC31400260AC8 /* Models */,
				D58A5E9A298EB97200260AC8 /* Resources */,
				D532D3452988601000572A8A /* TabBarController.swift */,
				D5DC2D512985CD6C001F9D7B /* Main.storyboard */,
				D5DC2D572985CD6D001F9D7B /* Assets.xcassets */,
				D5DC2D592985CD6D001F9D7B /* LaunchScreen.storyboard */,
				D5DC2D5C2985CD6D001F9D7B /* Info.plist */,
				D5DC2D542985CD6C001F9D7B /* Tracker.xcdatamodeld */,
				D55805602A4A16740020446E /* Podfile */,
			);
			path = Tracker;
			sourceTree = "<group>";
		};
		D5DC2D642985CD6D001F9D7B /* TrackerTests */ = {
			isa = PBXGroup;
			children = (
				D5DC2D652985CD6D001F9D7B /* TrackerTests.swift */,
			);
			path = TrackerTests;
			sourceTree = "<group>";
		};
		D5DC2D6E2985CD6D001F9D7B /* TrackerUITests */ = {
			isa = PBXGroup;
			children = (
				D5DC2D6F2985CD6D001F9D7B /* TrackerUITests.swift */,
				D5DC2D712985CD6D001F9D7B /* TrackerUITestsLaunchTests.swift */,
			);
			path = TrackerUITests;
			sourceTree = "<group>";
		};
		DF413E534A13AA43365CD045 /* Frameworks */ = {
			isa = PBXGroup;
			children = (
				BC6CDEF1122C2E2C60037C54 /* Pods_Tracker.framework */,
				036B9813D15B11814B904A08 /* Pods_Tracker_TrackerUITests.framework */,
				3FB4816CCD7120CE7E3A5BD3 /* Pods_TrackerTests.framework */,
			);
			name = Frameworks;
			sourceTree = "<group>";
		};
/* End PBXGroup section */

/* Begin PBXNativeTarget section */
		D5DC2D472985CD6C001F9D7B /* Tracker */ = {
			isa = PBXNativeTarget;
			buildConfigurationList = D5DC2D752985CD6D001F9D7B /* Build configuration list for PBXNativeTarget "Tracker" */;
			buildPhases = (
				637F5A34A81A847910A53F37 /* [CP] Check Pods Manifest.lock */,
				D5DC2D442985CD6C001F9D7B /* Sources */,
				D5DC2D452985CD6C001F9D7B /* Frameworks */,
				D5DC2D462985CD6C001F9D7B /* Resources */,
				A062C939932C0647816DC9C1 /* [CP] Embed Pods Frameworks */,
			);
			buildRules = (
			);
			dependencies = (
			);
			name = Tracker;
			packageProductDependencies = (
			);
			productName = Tracker;
			productReference = D5DC2D482985CD6C001F9D7B /* Tracker.app */;
			productType = "com.apple.product-type.application";
		};
		D5DC2D602985CD6D001F9D7B /* TrackerTests */ = {
			isa = PBXNativeTarget;
			buildConfigurationList = D5DC2D782985CD6D001F9D7B /* Build configuration list for PBXNativeTarget "TrackerTests" */;
			buildPhases = (
				8C0F20D26E6125BDFDB66EA7 /* [CP] Check Pods Manifest.lock */,
				D5DC2D5D2985CD6D001F9D7B /* Sources */,
				D5DC2D5E2985CD6D001F9D7B /* Frameworks */,
				D5DC2D5F2985CD6D001F9D7B /* Resources */,
			);
			buildRules = (
			);
			dependencies = (
				D5DC2D632985CD6D001F9D7B /* PBXTargetDependency */,
			);
			name = TrackerTests;
			packageProductDependencies = (
				D5D5FDA92A4A2C7B0052A8A7 /* SnapshotTesting */,
			);
			productName = TrackerTests;
			productReference = D5DC2D612985CD6D001F9D7B /* TrackerTests.xctest */;
			productType = "com.apple.product-type.bundle.unit-test";
		};
		D5DC2D6A2985CD6D001F9D7B /* TrackerUITests */ = {
			isa = PBXNativeTarget;
			buildConfigurationList = D5DC2D7B2985CD6D001F9D7B /* Build configuration list for PBXNativeTarget "TrackerUITests" */;
			buildPhases = (
				1258758164C9D3C0EA77045A /* [CP] Check Pods Manifest.lock */,
				D5DC2D672985CD6D001F9D7B /* Sources */,
				D5DC2D682985CD6D001F9D7B /* Frameworks */,
				D5DC2D692985CD6D001F9D7B /* Resources */,
				04664D464585263AA151EBC3 /* [CP] Embed Pods Frameworks */,
			);
			buildRules = (
			);
			dependencies = (
				D5DC2D6D2985CD6D001F9D7B /* PBXTargetDependency */,
			);
			name = TrackerUITests;
			productName = TrackerUITests;
			productReference = D5DC2D6B2985CD6D001F9D7B /* TrackerUITests.xctest */;
			productType = "com.apple.product-type.bundle.ui-testing";
		};
/* End PBXNativeTarget section */

/* Begin PBXProject section */
		D5DC2D402985CD6C001F9D7B /* Project object */ = {
			isa = PBXProject;
			attributes = {
				BuildIndependentTargetsInParallel = 1;
				LastSwiftUpdateCheck = 1420;
				LastUpgradeCheck = 1420;
				TargetAttributes = {
					D5DC2D472985CD6C001F9D7B = {
						CreatedOnToolsVersion = 14.2;
					};
					D5DC2D602985CD6D001F9D7B = {
						CreatedOnToolsVersion = 14.2;
						TestTargetID = D5DC2D472985CD6C001F9D7B;
					};
					D5DC2D6A2985CD6D001F9D7B = {
						CreatedOnToolsVersion = 14.2;
						TestTargetID = D5DC2D472985CD6C001F9D7B;
					};
				};
			};
			buildConfigurationList = D5DC2D432985CD6C001F9D7B /* Build configuration list for PBXProject "Tracker" */;
			compatibilityVersion = "Xcode 14.0";
			developmentRegion = en;
			hasScannedForEncodings = 0;
			knownRegions = (
				en,
				Base,
				ru,
			);
			mainGroup = D5DC2D3F2985CD6C001F9D7B;
			packageReferences = (
				D5D5FDA82A4A2C7B0052A8A7 /* XCRemoteSwiftPackageReference "swift-snapshot-testing" */,
			);
			productRefGroup = D5DC2D492985CD6C001F9D7B /* Products */;
			projectDirPath = "";
			projectRoot = "";
			targets = (
				D5DC2D472985CD6C001F9D7B /* Tracker */,
				D5DC2D602985CD6D001F9D7B /* TrackerTests */,
				D5DC2D6A2985CD6D001F9D7B /* TrackerUITests */,
			);
		};
/* End PBXProject section */

/* Begin PBXResourcesBuildPhase section */
		D5DC2D462985CD6C001F9D7B /* Resources */ = {
			isa = PBXResourcesBuildPhase;
			buildActionMask = 2147483647;
			files = (
				D5B16DB1299ECBA1006334F1 /* YSDisplay-Medium.ttf in Resources */,
				D5DC2D5B2985CD6D001F9D7B /* LaunchScreen.storyboard in Resources */,
				D5B16DB2299ECBA1006334F1 /* YSDisplay-Regular.ttf in Resources */,
				D50E7C542A430E4B0076DE0E /* Localizable.strings in Resources */,
				D5DC2D582985CD6D001F9D7B /* Assets.xcassets in Resources */,
				D50E7C5A2A43134B0076DE0E /* Localizable.stringsdict in Resources */,
				D55805612A4A16740020446E /* Podfile in Resources */,
				D5B16DB3299ECBA1006334F1 /* YSDisplay-Bold.ttf in Resources */,
				D5DC2D532985CD6C001F9D7B /* Main.storyboard in Resources */,
			);
			runOnlyForDeploymentPostprocessing = 0;
		};
		D5DC2D5F2985CD6D001F9D7B /* Resources */ = {
			isa = PBXResourcesBuildPhase;
			buildActionMask = 2147483647;
			files = (
			);
			runOnlyForDeploymentPostprocessing = 0;
		};
		D5DC2D692985CD6D001F9D7B /* Resources */ = {
			isa = PBXResourcesBuildPhase;
			buildActionMask = 2147483647;
			files = (
			);
			runOnlyForDeploymentPostprocessing = 0;
		};
/* End PBXResourcesBuildPhase section */

/* Begin PBXShellScriptBuildPhase section */
		04664D464585263AA151EBC3 /* [CP] Embed Pods Frameworks */ = {
			isa = PBXShellScriptBuildPhase;
			buildActionMask = 2147483647;
			files = (
			);
			inputFileListPaths = (
				"${PODS_ROOT}/Target Support Files/Pods-Tracker-TrackerUITests/Pods-Tracker-TrackerUITests-frameworks-${CONFIGURATION}-input-files.xcfilelist",
			);
			name = "[CP] Embed Pods Frameworks";
			outputFileListPaths = (
				"${PODS_ROOT}/Target Support Files/Pods-Tracker-TrackerUITests/Pods-Tracker-TrackerUITests-frameworks-${CONFIGURATION}-output-files.xcfilelist",
			);
			runOnlyForDeploymentPostprocessing = 0;
			shellPath = /bin/sh;
			shellScript = "\"${PODS_ROOT}/Target Support Files/Pods-Tracker-TrackerUITests/Pods-Tracker-TrackerUITests-frameworks.sh\"\n";
			showEnvVarsInLog = 0;
		};
		1258758164C9D3C0EA77045A /* [CP] Check Pods Manifest.lock */ = {
			isa = PBXShellScriptBuildPhase;
			buildActionMask = 2147483647;
			files = (
			);
			inputFileListPaths = (
			);
			inputPaths = (
				"${PODS_PODFILE_DIR_PATH}/Podfile.lock",
				"${PODS_ROOT}/Manifest.lock",
			);
			name = "[CP] Check Pods Manifest.lock";
			outputFileListPaths = (
			);
			outputPaths = (
				"$(DERIVED_FILE_DIR)/Pods-Tracker-TrackerUITests-checkManifestLockResult.txt",
			);
			runOnlyForDeploymentPostprocessing = 0;
			shellPath = /bin/sh;
			shellScript = "diff \"${PODS_PODFILE_DIR_PATH}/Podfile.lock\" \"${PODS_ROOT}/Manifest.lock\" > /dev/null\nif [ $? != 0 ] ; then\n    # print error to STDERR\n    echo \"error: The sandbox is not in sync with the Podfile.lock. Run 'pod install' or update your CocoaPods installation.\" >&2\n    exit 1\nfi\n# This output is used by Xcode 'outputs' to avoid re-running this script phase.\necho \"SUCCESS\" > \"${SCRIPT_OUTPUT_FILE_0}\"\n";
			showEnvVarsInLog = 0;
		};
		637F5A34A81A847910A53F37 /* [CP] Check Pods Manifest.lock */ = {
			isa = PBXShellScriptBuildPhase;
			buildActionMask = 2147483647;
			files = (
			);
			inputFileListPaths = (
			);
			inputPaths = (
				"${PODS_PODFILE_DIR_PATH}/Podfile.lock",
				"${PODS_ROOT}/Manifest.lock",
			);
			name = "[CP] Check Pods Manifest.lock";
			outputFileListPaths = (
			);
			outputPaths = (
				"$(DERIVED_FILE_DIR)/Pods-Tracker-checkManifestLockResult.txt",
			);
			runOnlyForDeploymentPostprocessing = 0;
			shellPath = /bin/sh;
			shellScript = "diff \"${PODS_PODFILE_DIR_PATH}/Podfile.lock\" \"${PODS_ROOT}/Manifest.lock\" > /dev/null\nif [ $? != 0 ] ; then\n    # print error to STDERR\n    echo \"error: The sandbox is not in sync with the Podfile.lock. Run 'pod install' or update your CocoaPods installation.\" >&2\n    exit 1\nfi\n# This output is used by Xcode 'outputs' to avoid re-running this script phase.\necho \"SUCCESS\" > \"${SCRIPT_OUTPUT_FILE_0}\"\n";
			showEnvVarsInLog = 0;
		};
		8C0F20D26E6125BDFDB66EA7 /* [CP] Check Pods Manifest.lock */ = {
			isa = PBXShellScriptBuildPhase;
			buildActionMask = 2147483647;
			files = (
			);
			inputFileListPaths = (
			);
			inputPaths = (
				"${PODS_PODFILE_DIR_PATH}/Podfile.lock",
				"${PODS_ROOT}/Manifest.lock",
			);
			name = "[CP] Check Pods Manifest.lock";
			outputFileListPaths = (
			);
			outputPaths = (
				"$(DERIVED_FILE_DIR)/Pods-TrackerTests-checkManifestLockResult.txt",
			);
			runOnlyForDeploymentPostprocessing = 0;
			shellPath = /bin/sh;
			shellScript = "diff \"${PODS_PODFILE_DIR_PATH}/Podfile.lock\" \"${PODS_ROOT}/Manifest.lock\" > /dev/null\nif [ $? != 0 ] ; then\n    # print error to STDERR\n    echo \"error: The sandbox is not in sync with the Podfile.lock. Run 'pod install' or update your CocoaPods installation.\" >&2\n    exit 1\nfi\n# This output is used by Xcode 'outputs' to avoid re-running this script phase.\necho \"SUCCESS\" > \"${SCRIPT_OUTPUT_FILE_0}\"\n";
			showEnvVarsInLog = 0;
		};
		A062C939932C0647816DC9C1 /* [CP] Embed Pods Frameworks */ = {
			isa = PBXShellScriptBuildPhase;
			buildActionMask = 2147483647;
			files = (
			);
			inputFileListPaths = (
				"${PODS_ROOT}/Target Support Files/Pods-Tracker/Pods-Tracker-frameworks-${CONFIGURATION}-input-files.xcfilelist",
			);
			name = "[CP] Embed Pods Frameworks";
			outputFileListPaths = (
				"${PODS_ROOT}/Target Support Files/Pods-Tracker/Pods-Tracker-frameworks-${CONFIGURATION}-output-files.xcfilelist",
			);
			runOnlyForDeploymentPostprocessing = 0;
			shellPath = /bin/sh;
			shellScript = "\"${PODS_ROOT}/Target Support Files/Pods-Tracker/Pods-Tracker-frameworks.sh\"\n";
			showEnvVarsInLog = 0;
		};
/* End PBXShellScriptBuildPhase section */

/* Begin PBXSourcesBuildPhase section */
		D5DC2D442985CD6C001F9D7B /* Sources */ = {
			isa = PBXSourcesBuildPhase;
			buildActionMask = 2147483647;
			files = (
				D5D5FD9B2A4A1E250052A8A7 /* AnalyticsService.swift in Sources */,
				D5A12CCC29A01C89003BA223 /* PlaceholderView.swift in Sources */,
				D58E01AB29BE772D00F5D4C2 /* TrackerCategoryStore.swift in Sources */,
				D5D3696D2990188000B0D0F0 /* ScheduleButton.swift in Sources */,
				D590AB5C29B284C3001B760E /* SubTableHeaderView.swift in Sources */,
				D5B16DB5299ECDE9006334F1 /* FontAsset+UIFont.swift in Sources */,
				D5B3C2A42999318000CE90E5 /* TrackerCollectionViewCell.swift in Sources */,
				D58A5E9C298EB98D00260AC8 /* ColorAssets.swift in Sources */,
				D5D5FD982A4A1E250052A8A7 /* AppMetrica.swift in Sources */,
				D58E01A329BE6ED900F5D4C2 /* Store.swift in Sources */,
				D53EAE4C29AEA4D300E40373 /* CategoryViewCell.swift in Sources */,
				D54EF5F02A4C614E004D8E1D /* StatisticsViewModel.swift in Sources */,
				D58A5EA2298EC33000260AC8 /* Tracker.swift in Sources */,
				D54EF5F12A4C614E004D8E1D /* StatisticsViewController.swift in Sources */,
				D58885BF299C34A3003ED98D /* ImageAsset.swift in Sources */,
				D590AB5E29B28598001B760E /* ColorCell.swift in Sources */,
				D58885B3299C3146003ED98D /* OnboardingViewController.swift in Sources */,
				D58A5EAA298ED40300260AC8 /* ScheduleViewController.swift in Sources */,
				D54EF5F22A4C614E004D8E1D /* StatisticsViewItem.swift in Sources */,
				D57ADD212A47969A00A227C2 /* FiltersViewModel.swift in Sources */,
				D53EAE4A29AE8F0B00E40373 /* CategoryCreationViewController.swift in Sources */,
				D58A5EA8298EC4E000260AC8 /* WeekDay.swift in Sources */,
				D54EF5F42A4C6189004D8E1D /* StatisticsService.swift in Sources */,
				D590AB5A29B26658001B760E /* EmojiCell.swift in Sources */,
				D5D5FD9A2A4A1E250052A8A7 /* AnalyticsServiceProtocol.swift in Sources */,
				D58E01A529BE73C200F5D4C2 /* TrackerStore.swift in Sources */,
				D5D5FD992A4A1E250052A8A7 /* AnalyticsServicesProtocol.swift in Sources */,
				D58885BA299C3284003ED98D /* OnboardingPageViewController.swift in Sources */,
				D5D5FD9D2A4A1EAD0052A8A7 /* Constants.swift in Sources */,
				D59938A929998E430093A4D6 /* TrackerCategoryHeaderView.swift in Sources */,
				D58A5E9F298EBA3600260AC8 /* UIColor+HEX.swift in Sources */,
				D5DC2D562985CD6C001F9D7B /* Tracker.xcdatamodeld in Sources */,
				D58A5EA6298EC3E700260AC8 /* TrackerRecord.swift in Sources */,
				D5DC2D502985CD6C001F9D7B /* TrackersViewController.swift in Sources */,
				D53EAE4829AE8A6600E40373 /* CategoryViewController.swift in Sources */,
				D57DA57E29D39F23003B5899 /* Declination.swift in Sources */,
				D58A5EA4298EC3D900260AC8 /* TrackerCategory.swift in Sources */,
				D58885B6299C31F0003ED98D /* YPButton.swift in Sources */,
				D5BE07F329EB306300ED366D /* CategoriesViewModel.swift in Sources */,
				D5DC2D4C2985CD6C001F9D7B /* AppDelegate.swift in Sources */,
				D57ADD1F2A47969400A227C2 /* FiltersViewController.swift in Sources */,
				D532D3462988601000572A8A /* TabBarController.swift in Sources */,
				D5D256762A3F60790076EE6E /* TrackersSubviewCell.swift in Sources */,
				D58E01A929BE73E400F5D4C2 /* TrackerRecordStore.swift in Sources */,
				D58A5EAC298F19D600260AC8 /* ScheduleViewCell.swift in Sources */,
				D57ADD252A47993200A227C2 /* TrackersFilterDescription.swift in Sources */,
				D5116942298C5BA200D418EC /* TrackerCreationViewController.swift in Sources */,
				D56E0C70298B12E7008E2038 /* TrackerSelectViewController.swift in Sources */,
				D57ADD232A4798FA00A227C2 /* TrackersFilter.swift in Sources */,
				D5DC2D4E2985CD6C001F9D7B /* SceneDelegate.swift in Sources */,
			);
			runOnlyForDeploymentPostprocessing = 0;
		};
		D5DC2D5D2985CD6D001F9D7B /* Sources */ = {
			isa = PBXSourcesBuildPhase;
			buildActionMask = 2147483647;
			files = (
				D5DC2D662985CD6D001F9D7B /* TrackerTests.swift in Sources */,
			);
			runOnlyForDeploymentPostprocessing = 0;
		};
		D5DC2D672985CD6D001F9D7B /* Sources */ = {
			isa = PBXSourcesBuildPhase;
			buildActionMask = 2147483647;
			files = (
				D5DC2D702985CD6D001F9D7B /* TrackerUITests.swift in Sources */,
				D5DC2D722985CD6D001F9D7B /* TrackerUITestsLaunchTests.swift in Sources */,
			);
			runOnlyForDeploymentPostprocessing = 0;
		};
/* End PBXSourcesBuildPhase section */

/* Begin PBXTargetDependency section */
		D5DC2D632985CD6D001F9D7B /* PBXTargetDependency */ = {
			isa = PBXTargetDependency;
			target = D5DC2D472985CD6C001F9D7B /* Tracker */;
			targetProxy = D5DC2D622985CD6D001F9D7B /* PBXContainerItemProxy */;
		};
		D5DC2D6D2985CD6D001F9D7B /* PBXTargetDependency */ = {
			isa = PBXTargetDependency;
			target = D5DC2D472985CD6C001F9D7B /* Tracker */;
			targetProxy = D5DC2D6C2985CD6D001F9D7B /* PBXContainerItemProxy */;
		};
/* End PBXTargetDependency section */

/* Begin PBXVariantGroup section */
		D50E7C562A430E4B0076DE0E /* Localizable.strings */ = {
			isa = PBXVariantGroup;
			children = (
				D50E7C552A430E4B0076DE0E /* en */,
				D50E7C572A430E4E0076DE0E /* ru */,
			);
			name = Localizable.strings;
			sourceTree = "<group>";
		};
		D50E7C5C2A43134B0076DE0E /* Localizable.stringsdict */ = {
			isa = PBXVariantGroup;
			children = (
				D50E7C5B2A43134B0076DE0E /* en */,
				D50E7C5D2A4313500076DE0E /* ru */,
			);
			name = Localizable.stringsdict;
			sourceTree = "<group>";
		};
		D5DC2D512985CD6C001F9D7B /* Main.storyboard */ = {
			isa = PBXVariantGroup;
			children = (
				D5DC2D522985CD6C001F9D7B /* Base */,
				D50E7C522A430DFF0076DE0E /* ru */,
			);
			name = Main.storyboard;
			sourceTree = "<group>";
		};
		D5DC2D592985CD6D001F9D7B /* LaunchScreen.storyboard */ = {
			isa = PBXVariantGroup;
			children = (
				D5DC2D5A2985CD6D001F9D7B /* Base */,
				D50E7C532A430DFF0076DE0E /* ru */,
			);
			name = LaunchScreen.storyboard;
			sourceTree = "<group>";
		};
/* End PBXVariantGroup section */

/* Begin XCBuildConfiguration section */
		D5DC2D732985CD6D001F9D7B /* Debug */ = {
			isa = XCBuildConfiguration;
			buildSettings = {
				ALWAYS_SEARCH_USER_PATHS = NO;
				CLANG_ANALYZER_LOCALIZABILITY_NONLOCALIZED = YES;
				CLANG_ANALYZER_NONNULL = YES;
				CLANG_ANALYZER_NUMBER_OBJECT_CONVERSION = YES_AGGRESSIVE;
				CLANG_CXX_LANGUAGE_STANDARD = "gnu++20";
				CLANG_ENABLE_MODULES = YES;
				CLANG_ENABLE_OBJC_ARC = YES;
				CLANG_ENABLE_OBJC_WEAK = YES;
				CLANG_WARN_BLOCK_CAPTURE_AUTORELEASING = YES;
				CLANG_WARN_BOOL_CONVERSION = YES;
				CLANG_WARN_COMMA = YES;
				CLANG_WARN_CONSTANT_CONVERSION = YES;
				CLANG_WARN_DEPRECATED_OBJC_IMPLEMENTATIONS = YES;
				CLANG_WARN_DIRECT_OBJC_ISA_USAGE = YES_ERROR;
				CLANG_WARN_DOCUMENTATION_COMMENTS = YES;
				CLANG_WARN_EMPTY_BODY = YES;
				CLANG_WARN_ENUM_CONVERSION = YES;
				CLANG_WARN_INFINITE_RECURSION = YES;
				CLANG_WARN_INT_CONVERSION = YES;
				CLANG_WARN_NON_LITERAL_NULL_CONVERSION = YES;
				CLANG_WARN_OBJC_IMPLICIT_RETAIN_SELF = YES;
				CLANG_WARN_OBJC_LITERAL_CONVERSION = YES;
				CLANG_WARN_OBJC_ROOT_CLASS = YES_ERROR;
				CLANG_WARN_QUOTED_INCLUDE_IN_FRAMEWORK_HEADER = YES;
				CLANG_WARN_RANGE_LOOP_ANALYSIS = YES;
				CLANG_WARN_STRICT_PROTOTYPES = YES;
				CLANG_WARN_SUSPICIOUS_MOVE = YES;
				CLANG_WARN_UNGUARDED_AVAILABILITY = YES_AGGRESSIVE;
				CLANG_WARN_UNREACHABLE_CODE = YES;
				CLANG_WARN__DUPLICATE_METHOD_MATCH = YES;
				COPY_PHASE_STRIP = NO;
				DEBUG_INFORMATION_FORMAT = dwarf;
				ENABLE_STRICT_OBJC_MSGSEND = YES;
				ENABLE_TESTABILITY = YES;
				GCC_C_LANGUAGE_STANDARD = gnu11;
				GCC_DYNAMIC_NO_PIC = NO;
				GCC_NO_COMMON_BLOCKS = YES;
				GCC_OPTIMIZATION_LEVEL = 0;
				GCC_PREPROCESSOR_DEFINITIONS = (
					"DEBUG=1",
					"$(inherited)",
				);
				GCC_WARN_64_TO_32_BIT_CONVERSION = YES;
				GCC_WARN_ABOUT_RETURN_TYPE = YES_ERROR;
				GCC_WARN_UNDECLARED_SELECTOR = YES;
				GCC_WARN_UNINITIALIZED_AUTOS = YES_AGGRESSIVE;
				GCC_WARN_UNUSED_FUNCTION = YES;
				GCC_WARN_UNUSED_VARIABLE = YES;
				IPHONEOS_DEPLOYMENT_TARGET = 16.2;
				MTL_ENABLE_DEBUG_INFO = INCLUDE_SOURCE;
				MTL_FAST_MATH = YES;
				ONLY_ACTIVE_ARCH = YES;
				SDKROOT = iphoneos;
				SWIFT_ACTIVE_COMPILATION_CONDITIONS = DEBUG;
				SWIFT_OPTIMIZATION_LEVEL = "-Onone";
			};
			name = Debug;
		};
		D5DC2D742985CD6D001F9D7B /* Release */ = {
			isa = XCBuildConfiguration;
			buildSettings = {
				ALWAYS_SEARCH_USER_PATHS = NO;
				CLANG_ANALYZER_LOCALIZABILITY_NONLOCALIZED = YES;
				CLANG_ANALYZER_NONNULL = YES;
				CLANG_ANALYZER_NUMBER_OBJECT_CONVERSION = YES_AGGRESSIVE;
				CLANG_CXX_LANGUAGE_STANDARD = "gnu++20";
				CLANG_ENABLE_MODULES = YES;
				CLANG_ENABLE_OBJC_ARC = YES;
				CLANG_ENABLE_OBJC_WEAK = YES;
				CLANG_WARN_BLOCK_CAPTURE_AUTORELEASING = YES;
				CLANG_WARN_BOOL_CONVERSION = YES;
				CLANG_WARN_COMMA = YES;
				CLANG_WARN_CONSTANT_CONVERSION = YES;
				CLANG_WARN_DEPRECATED_OBJC_IMPLEMENTATIONS = YES;
				CLANG_WARN_DIRECT_OBJC_ISA_USAGE = YES_ERROR;
				CLANG_WARN_DOCUMENTATION_COMMENTS = YES;
				CLANG_WARN_EMPTY_BODY = YES;
				CLANG_WARN_ENUM_CONVERSION = YES;
				CLANG_WARN_INFINITE_RECURSION = YES;
				CLANG_WARN_INT_CONVERSION = YES;
				CLANG_WARN_NON_LITERAL_NULL_CONVERSION = YES;
				CLANG_WARN_OBJC_IMPLICIT_RETAIN_SELF = YES;
				CLANG_WARN_OBJC_LITERAL_CONVERSION = YES;
				CLANG_WARN_OBJC_ROOT_CLASS = YES_ERROR;
				CLANG_WARN_QUOTED_INCLUDE_IN_FRAMEWORK_HEADER = YES;
				CLANG_WARN_RANGE_LOOP_ANALYSIS = YES;
				CLANG_WARN_STRICT_PROTOTYPES = YES;
				CLANG_WARN_SUSPICIOUS_MOVE = YES;
				CLANG_WARN_UNGUARDED_AVAILABILITY = YES_AGGRESSIVE;
				CLANG_WARN_UNREACHABLE_CODE = YES;
				CLANG_WARN__DUPLICATE_METHOD_MATCH = YES;
				COPY_PHASE_STRIP = NO;
				DEBUG_INFORMATION_FORMAT = "dwarf-with-dsym";
				ENABLE_NS_ASSERTIONS = NO;
				ENABLE_STRICT_OBJC_MSGSEND = YES;
				GCC_C_LANGUAGE_STANDARD = gnu11;
				GCC_NO_COMMON_BLOCKS = YES;
				GCC_WARN_64_TO_32_BIT_CONVERSION = YES;
				GCC_WARN_ABOUT_RETURN_TYPE = YES_ERROR;
				GCC_WARN_UNDECLARED_SELECTOR = YES;
				GCC_WARN_UNINITIALIZED_AUTOS = YES_AGGRESSIVE;
				GCC_WARN_UNUSED_FUNCTION = YES;
				GCC_WARN_UNUSED_VARIABLE = YES;
				IPHONEOS_DEPLOYMENT_TARGET = 16.2;
				MTL_ENABLE_DEBUG_INFO = NO;
				MTL_FAST_MATH = YES;
				SDKROOT = iphoneos;
				SWIFT_COMPILATION_MODE = wholemodule;
				SWIFT_OPTIMIZATION_LEVEL = "-O";
				VALIDATE_PRODUCT = YES;
			};
			name = Release;
		};
		D5DC2D762985CD6D001F9D7B /* Debug */ = {
			isa = XCBuildConfiguration;
			baseConfigurationReference = 817E9D54588759240D45887E /* Pods-Tracker.debug.xcconfig */;
			buildSettings = {
				ASSETCATALOG_COMPILER_APPICON_NAME = AppIcon;
				ASSETCATALOG_COMPILER_GLOBAL_ACCENT_COLOR_NAME = AccentColor;
				CODE_SIGN_STYLE = Automatic;
				CURRENT_PROJECT_VERSION = 1;
				DEVELOPMENT_TEAM = L3GX9T5F55;
				GENERATE_INFOPLIST_FILE = YES;
				INFOPLIST_FILE = Tracker/Info.plist;
				INFOPLIST_KEY_UIApplicationSupportsIndirectInputEvents = YES;
				INFOPLIST_KEY_UILaunchStoryboardName = LaunchScreen;
				INFOPLIST_KEY_UIMainStoryboardFile = Main;
				INFOPLIST_KEY_UISupportedInterfaceOrientations = UIInterfaceOrientationPortrait;
				IPHONEOS_DEPLOYMENT_TARGET = 13.4;
				LD_RUNPATH_SEARCH_PATHS = (
					"$(inherited)",
					"@executable_path/Frameworks",
				);
				MARKETING_VERSION = 1.0;
				PRODUCT_BUNDLE_IDENTIFIER = ru.yandex.practicum.snowsergo.Tracker;
				PRODUCT_NAME = "$(TARGET_NAME)";
				SWIFT_EMIT_LOC_STRINGS = YES;
				SWIFT_VERSION = 5.0;
				TARGETED_DEVICE_FAMILY = "1,2";
			};
			name = Debug;
		};
		D5DC2D772985CD6D001F9D7B /* Release */ = {
			isa = XCBuildConfiguration;
			baseConfigurationReference = 25A5E2CBA53F8AF44597042C /* Pods-Tracker.release.xcconfig */;
			buildSettings = {
				ASSETCATALOG_COMPILER_APPICON_NAME = AppIcon;
				ASSETCATALOG_COMPILER_GLOBAL_ACCENT_COLOR_NAME = AccentColor;
				CODE_SIGN_STYLE = Automatic;
				CURRENT_PROJECT_VERSION = 1;
				DEVELOPMENT_TEAM = L3GX9T5F55;
				GENERATE_INFOPLIST_FILE = YES;
				INFOPLIST_FILE = Tracker/Info.plist;
				INFOPLIST_KEY_UIApplicationSupportsIndirectInputEvents = YES;
				INFOPLIST_KEY_UILaunchStoryboardName = LaunchScreen;
				INFOPLIST_KEY_UIMainStoryboardFile = Main;
				INFOPLIST_KEY_UISupportedInterfaceOrientations = UIInterfaceOrientationPortrait;
				IPHONEOS_DEPLOYMENT_TARGET = 13.4;
				LD_RUNPATH_SEARCH_PATHS = (
					"$(inherited)",
					"@executable_path/Frameworks",
				);
				MARKETING_VERSION = 1.0;
				PRODUCT_BUNDLE_IDENTIFIER = ru.yandex.practicum.snowsergo.Tracker;
				PRODUCT_NAME = "$(TARGET_NAME)";
				SWIFT_EMIT_LOC_STRINGS = YES;
				SWIFT_VERSION = 5.0;
				TARGETED_DEVICE_FAMILY = "1,2";
			};
			name = Release;
		};
		D5DC2D792985CD6D001F9D7B /* Debug */ = {
			isa = XCBuildConfiguration;
			baseConfigurationReference = 5C0C092A128B44B268BC0C78 /* Pods-TrackerTests.debug.xcconfig */;
			buildSettings = {
				ALWAYS_EMBED_SWIFT_STANDARD_LIBRARIES = YES;
				BUNDLE_LOADER = "$(TEST_HOST)";
				CODE_SIGN_STYLE = Automatic;
				CURRENT_PROJECT_VERSION = 1;
				DEVELOPMENT_TEAM = L3GX9T5F55;
				GENERATE_INFOPLIST_FILE = YES;
				IPHONEOS_DEPLOYMENT_TARGET = 16.2;
				MARKETING_VERSION = 1.0;
				PRODUCT_BUNDLE_IDENTIFIER = ru.yandex.practicum.snowsergo.TrackerTests;
				PRODUCT_NAME = "$(TARGET_NAME)";
				SWIFT_EMIT_LOC_STRINGS = NO;
				SWIFT_VERSION = 5.0;
				TARGETED_DEVICE_FAMILY = "1,2";
				TEST_HOST = "$(BUILT_PRODUCTS_DIR)/Tracker.app/$(BUNDLE_EXECUTABLE_FOLDER_PATH)/Tracker";
			};
			name = Debug;
		};
		D5DC2D7A2985CD6D001F9D7B /* Release */ = {
			isa = XCBuildConfiguration;
			baseConfigurationReference = 7F6683B6908526417B03FA93 /* Pods-TrackerTests.release.xcconfig */;
			buildSettings = {
				ALWAYS_EMBED_SWIFT_STANDARD_LIBRARIES = YES;
				BUNDLE_LOADER = "$(TEST_HOST)";
				CODE_SIGN_STYLE = Automatic;
				CURRENT_PROJECT_VERSION = 1;
				DEVELOPMENT_TEAM = L3GX9T5F55;
				GENERATE_INFOPLIST_FILE = YES;
				IPHONEOS_DEPLOYMENT_TARGET = 16.2;
				MARKETING_VERSION = 1.0;
				PRODUCT_BUNDLE_IDENTIFIER = ru.yandex.practicum.snowsergo.TrackerTests;
				PRODUCT_NAME = "$(TARGET_NAME)";
				SWIFT_EMIT_LOC_STRINGS = NO;
				SWIFT_VERSION = 5.0;
				TARGETED_DEVICE_FAMILY = "1,2";
				TEST_HOST = "$(BUILT_PRODUCTS_DIR)/Tracker.app/$(BUNDLE_EXECUTABLE_FOLDER_PATH)/Tracker";
			};
			name = Release;
		};
		D5DC2D7C2985CD6D001F9D7B /* Debug */ = {
			isa = XCBuildConfiguration;
			baseConfigurationReference = 957A037F7EE6AE2981EE00D3 /* Pods-Tracker-TrackerUITests.debug.xcconfig */;
			buildSettings = {
				ALWAYS_EMBED_SWIFT_STANDARD_LIBRARIES = YES;
				CODE_SIGN_STYLE = Automatic;
				CURRENT_PROJECT_VERSION = 1;
				DEVELOPMENT_TEAM = L3GX9T5F55;
				GENERATE_INFOPLIST_FILE = YES;
				MARKETING_VERSION = 1.0;
				PRODUCT_BUNDLE_IDENTIFIER = ru.yandex.practicum.snowsergo.TrackerUITests;
				PRODUCT_NAME = "$(TARGET_NAME)";
				SWIFT_EMIT_LOC_STRINGS = NO;
				SWIFT_VERSION = 5.0;
				TARGETED_DEVICE_FAMILY = "1,2";
				TEST_TARGET_NAME = Tracker;
			};
			name = Debug;
		};
		D5DC2D7D2985CD6D001F9D7B /* Release */ = {
			isa = XCBuildConfiguration;
			baseConfigurationReference = 27A89B3B3D519F8E6A0B9E57 /* Pods-Tracker-TrackerUITests.release.xcconfig */;
			buildSettings = {
				ALWAYS_EMBED_SWIFT_STANDARD_LIBRARIES = YES;
				CODE_SIGN_STYLE = Automatic;
				CURRENT_PROJECT_VERSION = 1;
				DEVELOPMENT_TEAM = L3GX9T5F55;
				GENERATE_INFOPLIST_FILE = YES;
				MARKETING_VERSION = 1.0;
				PRODUCT_BUNDLE_IDENTIFIER = ru.yandex.practicum.snowsergo.TrackerUITests;
				PRODUCT_NAME = "$(TARGET_NAME)";
				SWIFT_EMIT_LOC_STRINGS = NO;
				SWIFT_VERSION = 5.0;
				TARGETED_DEVICE_FAMILY = "1,2";
				TEST_TARGET_NAME = Tracker;
			};
			name = Release;
		};
/* End XCBuildConfiguration section */

/* Begin XCConfigurationList section */
		D5DC2D432985CD6C001F9D7B /* Build configuration list for PBXProject "Tracker" */ = {
			isa = XCConfigurationList;
			buildConfigurations = (
				D5DC2D732985CD6D001F9D7B /* Debug */,
				D5DC2D742985CD6D001F9D7B /* Release */,
			);
			defaultConfigurationIsVisible = 0;
			defaultConfigurationName = Release;
		};
		D5DC2D752985CD6D001F9D7B /* Build configuration list for PBXNativeTarget "Tracker" */ = {
			isa = XCConfigurationList;
			buildConfigurations = (
				D5DC2D762985CD6D001F9D7B /* Debug */,
				D5DC2D772985CD6D001F9D7B /* Release */,
			);
			defaultConfigurationIsVisible = 0;
			defaultConfigurationName = Release;
		};
		D5DC2D782985CD6D001F9D7B /* Build configuration list for PBXNativeTarget "TrackerTests" */ = {
			isa = XCConfigurationList;
			buildConfigurations = (
				D5DC2D792985CD6D001F9D7B /* Debug */,
				D5DC2D7A2985CD6D001F9D7B /* Release */,
			);
			defaultConfigurationIsVisible = 0;
			defaultConfigurationName = Release;
		};
		D5DC2D7B2985CD6D001F9D7B /* Build configuration list for PBXNativeTarget "TrackerUITests" */ = {
			isa = XCConfigurationList;
			buildConfigurations = (
				D5DC2D7C2985CD6D001F9D7B /* Debug */,
				D5DC2D7D2985CD6D001F9D7B /* Release */,
			);
			defaultConfigurationIsVisible = 0;
			defaultConfigurationName = Release;
		};
/* End XCConfigurationList section */

/* Begin XCRemoteSwiftPackageReference section */
		D5D5FDA82A4A2C7B0052A8A7 /* XCRemoteSwiftPackageReference "swift-snapshot-testing" */ = {
			isa = XCRemoteSwiftPackageReference;
			repositoryURL = "https://github.com/pointfreeco/swift-snapshot-testing";
			requirement = {
				kind = upToNextMajorVersion;
				minimumVersion = 1.0.0;
			};
		};
/* End XCRemoteSwiftPackageReference section */

/* Begin XCSwiftPackageProductDependency section */
		D5D5FDA92A4A2C7B0052A8A7 /* SnapshotTesting */ = {
			isa = XCSwiftPackageProductDependency;
			package = D5D5FDA82A4A2C7B0052A8A7 /* XCRemoteSwiftPackageReference "swift-snapshot-testing" */;
			productName = SnapshotTesting;
		};
/* End XCSwiftPackageProductDependency section */

/* Begin XCVersionGroup section */
		D5DC2D542985CD6C001F9D7B /* Tracker.xcdatamodeld */ = {
			isa = XCVersionGroup;
			children = (
				D5DC2D552985CD6C001F9D7B /* Tracker.xcdatamodel */,
			);
			currentVersion = D5DC2D552985CD6C001F9D7B /* Tracker.xcdatamodel */;
			path = Tracker.xcdatamodeld;
			sourceTree = "<group>";
			versionGroupType = wrapper.xcdatamodel;
		};
/* End XCVersionGroup section */
	};
	rootObject = D5DC2D402985CD6C001F9D7B /* Project object */;
}
