// !$*UTF8*$!
{
	archiveVersion = 1;
	classes = {
	};
	objectVersion = 56;
	objects = {

/* Begin PBXBuildFile section */
		D5DC2D4C2985CD6C001F9D7B /* AppDelegate.swift in Sources */ = {isa = PBXBuildFile; fileRef = D5DC2D4B2985CD6C001F9D7B /* AppDelegate.swift */; };
		D5DC2D4E2985CD6C001F9D7B /* SceneDelegate.swift in Sources */ = {isa = PBXBuildFile; fileRef = D5DC2D4D2985CD6C001F9D7B /* SceneDelegate.swift */; };
		D5DC2D502985CD6C001F9D7B /* ViewController.swift in Sources */ = {isa = PBXBuildFile; fileRef = D5DC2D4F2985CD6C001F9D7B /* ViewController.swift */; };
		D5DC2D532985CD6C001F9D7B /* Main.storyboard in Resources */ = {isa = PBXBuildFile; fileRef = D5DC2D512985CD6C001F9D7B /* Main.storyboard */; };
		D5DC2D562985CD6C001F9D7B /* Tracker.xcdatamodeld in Sources */ = {isa = PBXBuildFile; fileRef = D5DC2D542985CD6C001F9D7B /* Tracker.xcdatamodeld */; };
		D5DC2D582985CD6D001F9D7B /* Assets.xcassets in Resources */ = {isa = PBXBuildFile; fileRef = D5DC2D572985CD6D001F9D7B /* Assets.xcassets */; };
		D5DC2D5B2985CD6D001F9D7B /* LaunchScreen.storyboard in Resources */ = {isa = PBXBuildFile; fileRef = D5DC2D592985CD6D001F9D7B /* LaunchScreen.storyboard */; };
		D5DC2D662985CD6D001F9D7B /* TrackerTests.swift in Sources */ = {isa = PBXBuildFile; fileRef = D5DC2D652985CD6D001F9D7B /* TrackerTests.swift */; };
		D5DC2D702985CD6D001F9D7B /* TrackerUITests.swift in Sources */ = {isa = PBXBuildFile; fileRef = D5DC2D6F2985CD6D001F9D7B /* TrackerUITests.swift */; };
		D5DC2D722985CD6D001F9D7B /* TrackerUITestsLaunchTests.swift in Sources */ = {isa = PBXBuildFile; fileRef = D5DC2D712985CD6D001F9D7B /* TrackerUITestsLaunchTests.swift */; };
/* End PBXBuildFile section */

/* Begin PBXContainerItemProxy section */
		D5DC2D622985CD6D001F9D7B /* PBXContainerItemProxy */ = {
			isa = PBXContainerItemProxy;
			containerPortal = D5DC2D402985CD6C001F9D7B /* Project object */;
			proxyType = 1;
			remoteGlobalIDString = D5DC2D472985CD6C001F9D7B;
			remoteInfo = Tracker;
		};
		D5DC2D6C2985CD6D001F9D7B /* PBXContainerItemProxy */ = {
			isa = PBXContainerItemProxy;
			containerPortal = D5DC2D402985CD6C001F9D7B /* Project object */;
			proxyType = 1;
			remoteGlobalIDString = D5DC2D472985CD6C001F9D7B;
			remoteInfo = Tracker;
		};
/* End PBXContainerItemProxy section */

/* Begin PBXFileReference section */
		D5DC2D482985CD6C001F9D7B /* Tracker.app */ = {isa = PBXFileReference; explicitFileType = wrapper.application; includeInIndex = 0; path = Tracker.app; sourceTree = BUILT_PRODUCTS_DIR; };
		D5DC2D4B2985CD6C001F9D7B /* AppDelegate.swift */ = {isa = PBXFileReference; lastKnownFileType = sourcecode.swift; path = AppDelegate.swift; sourceTree = "<group>"; };
		D5DC2D4D2985CD6C001F9D7B /* SceneDelegate.swift */ = {isa = PBXFileReference; lastKnownFileType = sourcecode.swift; path = SceneDelegate.swift; sourceTree = "<group>"; };
		D5DC2D4F2985CD6C001F9D7B /* ViewController.swift */ = {isa = PBXFileReference; lastKnownFileType = sourcecode.swift; path = ViewController.swift; sourceTree = "<group>"; };
		D5DC2D522985CD6C001F9D7B /* Base */ = {isa = PBXFileReference; lastKnownFileType = file.storyboard; name = Base; path = Base.lproj/Main.storyboard; sourceTree = "<group>"; };
		D5DC2D552985CD6C001F9D7B /* Tracker.xcdatamodel */ = {isa = PBXFileReference; lastKnownFileType = wrapper.xcdatamodel; path = Tracker.xcdatamodel; sourceTree = "<group>"; };
		D5DC2D572985CD6D001F9D7B /* Assets.xcassets */ = {isa = PBXFileReference; lastKnownFileType = folder.assetcatalog; path = Assets.xcassets; sourceTree = "<group>"; };
		D5DC2D5A2985CD6D001F9D7B /* Base */ = {isa = PBXFileReference; lastKnownFileType = file.storyboard; name = Base; path = Base.lproj/LaunchScreen.storyboard; sourceTree = "<group>"; };
		D5DC2D5C2985CD6D001F9D7B /* Info.plist */ = {isa = PBXFileReference; lastKnownFileType = text.plist.xml; path = Info.plist; sourceTree = "<group>"; };
		D5DC2D612985CD6D001F9D7B /* TrackerTests.xctest */ = {isa = PBXFileReference; explicitFileType = wrapper.cfbundle; includeInIndex = 0; path = TrackerTests.xctest; sourceTree = BUILT_PRODUCTS_DIR; };
		D5DC2D652985CD6D001F9D7B /* TrackerTests.swift */ = {isa = PBXFileReference; lastKnownFileType = sourcecode.swift; path = TrackerTests.swift; sourceTree = "<group>"; };
		D5DC2D6B2985CD6D001F9D7B /* TrackerUITests.xctest */ = {isa = PBXFileReference; explicitFileType = wrapper.cfbundle; includeInIndex = 0; path = TrackerUITests.xctest; sourceTree = BUILT_PRODUCTS_DIR; };
		D5DC2D6F2985CD6D001F9D7B /* TrackerUITests.swift */ = {isa = PBXFileReference; lastKnownFileType = sourcecode.swift; path = TrackerUITests.swift; sourceTree = "<group>"; };
		D5DC2D712985CD6D001F9D7B /* TrackerUITestsLaunchTests.swift */ = {isa = PBXFileReference; lastKnownFileType = sourcecode.swift; path = TrackerUITestsLaunchTests.swift; sourceTree = "<group>"; };
/* End PBXFileReference section */

/* Begin PBXFrameworksBuildPhase section */
		D5DC2D452985CD6C001F9D7B /* Frameworks */ = {
			isa = PBXFrameworksBuildPhase;
			buildActionMask = 2147483647;
			files = (
			);
			runOnlyForDeploymentPostprocessing = 0;
		};
		D5DC2D5E2985CD6D001F9D7B /* Frameworks */ = {
			isa = PBXFrameworksBuildPhase;
			buildActionMask = 2147483647;
			files = (
			);
			runOnlyForDeploymentPostprocessing = 0;
		};
		D5DC2D682985CD6D001F9D7B /* Frameworks */ = {
			isa = PBXFrameworksBuildPhase;
			buildActionMask = 2147483647;
			files = (
			);
			runOnlyForDeploymentPostprocessing = 0;
		};
/* End PBXFrameworksBuildPhase section */

/* Begin PBXGroup section */
		D5DC2D3F2985CD6C001F9D7B = {
			isa = PBXGroup;
			children = (
				D5DC2D4A2985CD6C001F9D7B /* Tracker */,
				D5DC2D642985CD6D001F9D7B /* TrackerTests */,
				D5DC2D6E2985CD6D001F9D7B /* TrackerUITests */,
				D5DC2D492985CD6C001F9D7B /* Products */,
			);
			sourceTree = "<group>";
		};
		D5DC2D492985CD6C001F9D7B /* Products */ = {
			isa = PBXGroup;
			children = (
				D5DC2D482985CD6C001F9D7B /* Tracker.app */,
				D5DC2D612985CD6D001F9D7B /* TrackerTests.xctest */,
				D5DC2D6B2985CD6D001F9D7B /* TrackerUITests.xctest */,
			);
			name = Products;
			sourceTree = "<group>";
		};
		D5DC2D4A2985CD6C001F9D7B /* Tracker */ = {
			isa = PBXGroup;
			children = (
				D5DC2D4B2985CD6C001F9D7B /* AppDelegate.swift */,
				D5DC2D4D2985CD6C001F9D7B /* SceneDelegate.swift */,
				D5DC2D4F2985CD6C001F9D7B /* ViewController.swift */,
				D5DC2D512985CD6C001F9D7B /* Main.storyboard */,
				D5DC2D572985CD6D001F9D7B /* Assets.xcassets */,
				D5DC2D592985CD6D001F9D7B /* LaunchScreen.storyboard */,
				D5DC2D5C2985CD6D001F9D7B /* Info.plist */,
				D5DC2D542985CD6C001F9D7B /* Tracker.xcdatamodeld */,
			);
			path = Tracker;
			sourceTree = "<group>";
		};
		D5DC2D642985CD6D001F9D7B /* TrackerTests */ = {
			isa = PBXGroup;
			children = (
				D5DC2D652985CD6D001F9D7B /* TrackerTests.swift */,
			);
			path = TrackerTests;
			sourceTree = "<group>";
		};
		D5DC2D6E2985CD6D001F9D7B /* TrackerUITests */ = {
			isa = PBXGroup;
			children = (
				D5DC2D6F2985CD6D001F9D7B /* TrackerUITests.swift */,
				D5DC2D712985CD6D001F9D7B /* TrackerUITestsLaunchTests.swift */,
			);
			path = TrackerUITests;
			sourceTree = "<group>";
		};
/* End PBXGroup section */

/* Begin PBXNativeTarget section */
		D5DC2D472985CD6C001F9D7B /* Tracker */ = {
			isa = PBXNativeTarget;
			buildConfigurationList = D5DC2D752985CD6D001F9D7B /* Build configuration list for PBXNativeTarget "Tracker" */;
			buildPhases = (
				D5DC2D442985CD6C001F9D7B /* Sources */,
				D5DC2D452985CD6C001F9D7B /* Frameworks */,
				D5DC2D462985CD6C001F9D7B /* Resources */,
			);
			buildRules = (
			);
			dependencies = (
			);
			name = Tracker;
			productName = Tracker;
			productReference = D5DC2D482985CD6C001F9D7B /* Tracker.app */;
			productType = "com.apple.product-type.application";
		};
		D5DC2D602985CD6D001F9D7B /* TrackerTests */ = {
			isa = PBXNativeTarget;
			buildConfigurationList = D5DC2D782985CD6D001F9D7B /* Build configuration list for PBXNativeTarget "TrackerTests" */;
			buildPhases = (
				D5DC2D5D2985CD6D001F9D7B /* Sources */,
				D5DC2D5E2985CD6D001F9D7B /* Frameworks */,
				D5DC2D5F2985CD6D001F9D7B /* Resources */,
			);
			buildRules = (
			);
			dependencies = (
				D5DC2D632985CD6D001F9D7B /* PBXTargetDependency */,
			);
			name = TrackerTests;
			productName = TrackerTests;
			productReference = D5DC2D612985CD6D001F9D7B /* TrackerTests.xctest */;
			productType = "com.apple.product-type.bundle.unit-test";
		};
		D5DC2D6A2985CD6D001F9D7B /* TrackerUITests */ = {
			isa = PBXNativeTarget;
			buildConfigurationList = D5DC2D7B2985CD6D001F9D7B /* Build configuration list for PBXNativeTarget "TrackerUITests" */;
			buildPhases = (
				D5DC2D672985CD6D001F9D7B /* Sources */,
				D5DC2D682985CD6D001F9D7B /* Frameworks */,
				D5DC2D692985CD6D001F9D7B /* Resources */,
			);
			buildRules = (
			);
			dependencies = (
				D5DC2D6D2985CD6D001F9D7B /* PBXTargetDependency */,
			);
			name = TrackerUITests;
			productName = TrackerUITests;
			productReference = D5DC2D6B2985CD6D001F9D7B /* TrackerUITests.xctest */;
			productType = "com.apple.product-type.bundle.ui-testing";
		};
/* End PBXNativeTarget section */

/* Begin PBXProject section */
		D5DC2D402985CD6C001F9D7B /* Project object */ = {
			isa = PBXProject;
			attributes = {
				BuildIndependentTargetsInParallel = 1;
				LastSwiftUpdateCheck = 1420;
				LastUpgradeCheck = 1420;
				TargetAttributes = {
					D5DC2D472985CD6C001F9D7B = {
						CreatedOnToolsVersion = 14.2;
					};
					D5DC2D602985CD6D001F9D7B = {
						CreatedOnToolsVersion = 14.2;
						TestTargetID = D5DC2D472985CD6C001F9D7B;
					};
					D5DC2D6A2985CD6D001F9D7B = {
						CreatedOnToolsVersion = 14.2;
						TestTargetID = D5DC2D472985CD6C001F9D7B;
					};
				};
			};
			buildConfigurationList = D5DC2D432985CD6C001F9D7B /* Build configuration list for PBXProject "Tracker" */;
			compatibilityVersion = "Xcode 14.0";
			developmentRegion = en;
			hasScannedForEncodings = 0;
			knownRegions = (
				en,
				Base,
			);
			mainGroup = D5DC2D3F2985CD6C001F9D7B;
			productRefGroup = D5DC2D492985CD6C001F9D7B /* Products */;
			projectDirPath = "";
			projectRoot = "";
			targets = (
				D5DC2D472985CD6C001F9D7B /* Tracker */,
				D5DC2D602985CD6D001F9D7B /* TrackerTests */,
				D5DC2D6A2985CD6D001F9D7B /* TrackerUITests */,
			);
		};
/* End PBXProject section */

/* Begin PBXResourcesBuildPhase section */
		D5DC2D462985CD6C001F9D7B /* Resources */ = {
			isa = PBXResourcesBuildPhase;
			buildActionMask = 2147483647;
			files = (
				D5DC2D5B2985CD6D001F9D7B /* LaunchScreen.storyboard in Resources */,
				D5DC2D582985CD6D001F9D7B /* Assets.xcassets in Resources */,
				D5DC2D532985CD6C001F9D7B /* Main.storyboard in Resources */,
			);
			runOnlyForDeploymentPostprocessing = 0;
		};
		D5DC2D5F2985CD6D001F9D7B /* Resources */ = {
			isa = PBXResourcesBuildPhase;
			buildActionMask = 2147483647;
			files = (
			);
			runOnlyForDeploymentPostprocessing = 0;
		};
		D5DC2D692985CD6D001F9D7B /* Resources */ = {
			isa = PBXResourcesBuildPhase;
			buildActionMask = 2147483647;
			files = (
			);
			runOnlyForDeploymentPostprocessing = 0;
		};
/* End PBXResourcesBuildPhase section */

/* Begin PBXSourcesBuildPhase section */
		D5DC2D442985CD6C001F9D7B /* Sources */ = {
			isa = PBXSourcesBuildPhase;
			buildActionMask = 2147483647;
			files = (
				D5DC2D562985CD6C001F9D7B /* Tracker.xcdatamodeld in Sources */,
				D5DC2D502985CD6C001F9D7B /* ViewController.swift in Sources */,
				D5DC2D4C2985CD6C001F9D7B /* AppDelegate.swift in Sources */,
				D5DC2D4E2985CD6C001F9D7B /* SceneDelegate.swift in Sources */,
			);
			runOnlyForDeploymentPostprocessing = 0;
		};
		D5DC2D5D2985CD6D001F9D7B /* Sources */ = {
			isa = PBXSourcesBuildPhase;
			buildActionMask = 2147483647;
			files = (
				D5DC2D662985CD6D001F9D7B /* TrackerTests.swift in Sources */,
			);
			runOnlyForDeploymentPostprocessing = 0;
		};
		D5DC2D672985CD6D001F9D7B /* Sources */ = {
			isa = PBXSourcesBuildPhase;
			buildActionMask = 2147483647;
			files = (
				D5DC2D702985CD6D001F9D7B /* TrackerUITests.swift in Sources */,
				D5DC2D722985CD6D001F9D7B /* TrackerUITestsLaunchTests.swift in Sources */,
			);
			runOnlyForDeploymentPostprocessing = 0;
		};
/* End PBXSourcesBuildPhase section */

/* Begin PBXTargetDependency section */
		D5DC2D632985CD6D001F9D7B /* PBXTargetDependency */ = {
			isa = PBXTargetDependency;
			target = D5DC2D472985CD6C001F9D7B /* Tracker */;
			targetProxy = D5DC2D622985CD6D001F9D7B /* PBXContainerItemProxy */;
		};
		D5DC2D6D2985CD6D001F9D7B /* PBXTargetDependency */ = {
			isa = PBXTargetDependency;
			target = D5DC2D472985CD6C001F9D7B /* Tracker */;
			targetProxy = D5DC2D6C2985CD6D001F9D7B /* PBXContainerItemProxy */;
		};
/* End PBXTargetDependency section */

/* Begin PBXVariantGroup section */
		D5DC2D512985CD6C001F9D7B /* Main.storyboard */ = {
			isa = PBXVariantGroup;
			children = (
				D5DC2D522985CD6C001F9D7B /* Base */,
			);
			name = Main.storyboard;
			sourceTree = "<group>";
		};
		D5DC2D592985CD6D001F9D7B /* LaunchScreen.storyboard */ = {
			isa = PBXVariantGroup;
			children = (
				D5DC2D5A2985CD6D001F9D7B /* Base */,
			);
			name = LaunchScreen.storyboard;
			sourceTree = "<group>";
		};
/* End PBXVariantGroup section */

/* Begin XCBuildConfiguration section */
		D5DC2D732985CD6D001F9D7B /* Debug */ = {
			isa = XCBuildConfiguration;
			buildSettings = {
				ALWAYS_SEARCH_USER_PATHS = NO;
				CLANG_ANALYZER_NONNULL = YES;
				CLANG_ANALYZER_NUMBER_OBJECT_CONVERSION = YES_AGGRESSIVE;
				CLANG_CXX_LANGUAGE_STANDARD = "gnu++20";
				CLANG_ENABLE_MODULES = YES;
				CLANG_ENABLE_OBJC_ARC = YES;
				CLANG_ENABLE_OBJC_WEAK = YES;
				CLANG_WARN_BLOCK_CAPTURE_AUTORELEASING = YES;
				CLANG_WARN_BOOL_CONVERSION = YES;
				CLANG_WARN_COMMA = YES;
				CLANG_WARN_CONSTANT_CONVERSION = YES;
				CLANG_WARN_DEPRECATED_OBJC_IMPLEMENTATIONS = YES;
				CLANG_WARN_DIRECT_OBJC_ISA_USAGE = YES_ERROR;
				CLANG_WARN_DOCUMENTATION_COMMENTS = YES;
				CLANG_WARN_EMPTY_BODY = YES;
				CLANG_WARN_ENUM_CONVERSION = YES;
				CLANG_WARN_INFINITE_RECURSION = YES;
				CLANG_WARN_INT_CONVERSION = YES;
				CLANG_WARN_NON_LITERAL_NULL_CONVERSION = YES;
				CLANG_WARN_OBJC_IMPLICIT_RETAIN_SELF = YES;
				CLANG_WARN_OBJC_LITERAL_CONVERSION = YES;
				CLANG_WARN_OBJC_ROOT_CLASS = YES_ERROR;
				CLANG_WARN_QUOTED_INCLUDE_IN_FRAMEWORK_HEADER = YES;
				CLANG_WARN_RANGE_LOOP_ANALYSIS = YES;
				CLANG_WARN_STRICT_PROTOTYPES = YES;
				CLANG_WARN_SUSPICIOUS_MOVE = YES;
				CLANG_WARN_UNGUARDED_AVAILABILITY = YES_AGGRESSIVE;
				CLANG_WARN_UNREACHABLE_CODE = YES;
				CLANG_WARN__DUPLICATE_METHOD_MATCH = YES;
				COPY_PHASE_STRIP = NO;
				DEBUG_INFORMATION_FORMAT = dwarf;
				ENABLE_STRICT_OBJC_MSGSEND = YES;
				ENABLE_TESTABILITY = YES;
				GCC_C_LANGUAGE_STANDARD = gnu11;
				GCC_DYNAMIC_NO_PIC = NO;
				GCC_NO_COMMON_BLOCKS = YES;
				GCC_OPTIMIZATION_LEVEL = 0;
				GCC_PREPROCESSOR_DEFINITIONS = (
					"DEBUG=1",
					"$(inherited)",
				);
				GCC_WARN_64_TO_32_BIT_CONVERSION = YES;
				GCC_WARN_ABOUT_RETURN_TYPE = YES_ERROR;
				GCC_WARN_UNDECLARED_SELECTOR = YES;
				GCC_WARN_UNINITIALIZED_AUTOS = YES_AGGRESSIVE;
				GCC_WARN_UNUSED_FUNCTION = YES;
				GCC_WARN_UNUSED_VARIABLE = YES;
				IPHONEOS_DEPLOYMENT_TARGET = 16.2;
				MTL_ENABLE_DEBUG_INFO = INCLUDE_SOURCE;
				MTL_FAST_MATH = YES;
				ONLY_ACTIVE_ARCH = YES;
				SDKROOT = iphoneos;
				SWIFT_ACTIVE_COMPILATION_CONDITIONS = DEBUG;
				SWIFT_OPTIMIZATION_LEVEL = "-Onone";
			};
			name = Debug;
		};
		D5DC2D742985CD6D001F9D7B /* Release */ = {
			isa = XCBuildConfiguration;
			buildSettings = {
				ALWAYS_SEARCH_USER_PATHS = NO;
				CLANG_ANALYZER_NONNULL = YES;
				CLANG_ANALYZER_NUMBER_OBJECT_CONVERSION = YES_AGGRESSIVE;
				CLANG_CXX_LANGUAGE_STANDARD = "gnu++20";
				CLANG_ENABLE_MODULES = YES;
				CLANG_ENABLE_OBJC_ARC = YES;
				CLANG_ENABLE_OBJC_WEAK = YES;
				CLANG_WARN_BLOCK_CAPTURE_AUTORELEASING = YES;
				CLANG_WARN_BOOL_CONVERSION = YES;
				CLANG_WARN_COMMA = YES;
				CLANG_WARN_CONSTANT_CONVERSION = YES;
				CLANG_WARN_DEPRECATED_OBJC_IMPLEMENTATIONS = YES;
				CLANG_WARN_DIRECT_OBJC_ISA_USAGE = YES_ERROR;
				CLANG_WARN_DOCUMENTATION_COMMENTS = YES;
				CLANG_WARN_EMPTY_BODY = YES;
				CLANG_WARN_ENUM_CONVERSION = YES;
				CLANG_WARN_INFINITE_RECURSION = YES;
				CLANG_WARN_INT_CONVERSION = YES;
				CLANG_WARN_NON_LITERAL_NULL_CONVERSION = YES;
				CLANG_WARN_OBJC_IMPLICIT_RETAIN_SELF = YES;
				CLANG_WARN_OBJC_LITERAL_CONVERSION = YES;
				CLANG_WARN_OBJC_ROOT_CLASS = YES_ERROR;
				CLANG_WARN_QUOTED_INCLUDE_IN_FRAMEWORK_HEADER = YES;
				CLANG_WARN_RANGE_LOOP_ANALYSIS = YES;
				CLANG_WARN_STRICT_PROTOTYPES = YES;
				CLANG_WARN_SUSPICIOUS_MOVE = YES;
				CLANG_WARN_UNGUARDED_AVAILABILITY = YES_AGGRESSIVE;
				CLANG_WARN_UNREACHABLE_CODE = YES;
				CLANG_WARN__DUPLICATE_METHOD_MATCH = YES;
				COPY_PHASE_STRIP = NO;
				DEBUG_INFORMATION_FORMAT = "dwarf-with-dsym";
				ENABLE_NS_ASSERTIONS = NO;
				ENABLE_STRICT_OBJC_MSGSEND = YES;
				GCC_C_LANGUAGE_STANDARD = gnu11;
				GCC_NO_COMMON_BLOCKS = YES;
				GCC_WARN_64_TO_32_BIT_CONVERSION = YES;
				GCC_WARN_ABOUT_RETURN_TYPE = YES_ERROR;
				GCC_WARN_UNDECLARED_SELECTOR = YES;
				GCC_WARN_UNINITIALIZED_AUTOS = YES_AGGRESSIVE;
				GCC_WARN_UNUSED_FUNCTION = YES;
				GCC_WARN_UNUSED_VARIABLE = YES;
				IPHONEOS_DEPLOYMENT_TARGET = 16.2;
				MTL_ENABLE_DEBUG_INFO = NO;
				MTL_FAST_MATH = YES;
				SDKROOT = iphoneos;
				SWIFT_COMPILATION_MODE = wholemodule;
				SWIFT_OPTIMIZATION_LEVEL = "-O";
				VALIDATE_PRODUCT = YES;
			};
			name = Release;
		};
		D5DC2D762985CD6D001F9D7B /* Debug */ = {
			isa = XCBuildConfiguration;
			buildSettings = {
				ASSETCATALOG_COMPILER_APPICON_NAME = AppIcon;
				ASSETCATALOG_COMPILER_GLOBAL_ACCENT_COLOR_NAME = AccentColor;
				CODE_SIGN_STYLE = Automatic;
				CURRENT_PROJECT_VERSION = 1;
				DEVELOPMENT_TEAM = L3GX9T5F55;
				GENERATE_INFOPLIST_FILE = YES;
				INFOPLIST_FILE = Tracker/Info.plist;
				INFOPLIST_KEY_UIApplicationSupportsIndirectInputEvents = YES;
				INFOPLIST_KEY_UILaunchStoryboardName = LaunchScreen;
				INFOPLIST_KEY_UIMainStoryboardFile = Main;
				INFOPLIST_KEY_UISupportedInterfaceOrientations_iPad = "UIInterfaceOrientationPortrait UIInterfaceOrientationPortraitUpsideDown UIInterfaceOrientationLandscapeLeft UIInterfaceOrientationLandscapeRight";
				INFOPLIST_KEY_UISupportedInterfaceOrientations_iPhone = "UIInterfaceOrientationPortrait UIInterfaceOrientationLandscapeLeft UIInterfaceOrientationLandscapeRight";
				LD_RUNPATH_SEARCH_PATHS = (
					"$(inherited)",
					"@executable_path/Frameworks",
				);
				MARKETING_VERSION = 1.0;
				PRODUCT_BUNDLE_IDENTIFIER = ru.yandex.practicum.snowsergo.Tracker;
				PRODUCT_NAME = "$(TARGET_NAME)";
				SWIFT_EMIT_LOC_STRINGS = YES;
				SWIFT_VERSION = 5.0;
				TARGETED_DEVICE_FAMILY = "1,2";
			};
			name = Debug;
		};
		D5DC2D772985CD6D001F9D7B /* Release */ = {
			isa = XCBuildConfiguration;
			buildSettings = {
				ASSETCATALOG_COMPILER_APPICON_NAME = AppIcon;
				ASSETCATALOG_COMPILER_GLOBAL_ACCENT_COLOR_NAME = AccentColor;
				CODE_SIGN_STYLE = Automatic;
				CURRENT_PROJECT_VERSION = 1;
				DEVELOPMENT_TEAM = L3GX9T5F55;
				GENERATE_INFOPLIST_FILE = YES;
				INFOPLIST_FILE = Tracker/Info.plist;
				INFOPLIST_KEY_UIApplicationSupportsIndirectInputEvents = YES;
				INFOPLIST_KEY_UILaunchStoryboardName = LaunchScreen;
				INFOPLIST_KEY_UIMainStoryboardFile = Main;
				INFOPLIST_KEY_UISupportedInterfaceOrientations_iPad = "UIInterfaceOrientationPortrait UIInterfaceOrientationPortraitUpsideDown UIInterfaceOrientationLandscapeLeft UIInterfaceOrientationLandscapeRight";
				INFOPLIST_KEY_UISupportedInterfaceOrientations_iPhone = "UIInterfaceOrientationPortrait UIInterfaceOrientationLandscapeLeft UIInterfaceOrientationLandscapeRight";
				LD_RUNPATH_SEARCH_PATHS = (
					"$(inherited)",
					"@executable_path/Frameworks",
				);
				MARKETING_VERSION = 1.0;
				PRODUCT_BUNDLE_IDENTIFIER = ru.yandex.practicum.snowsergo.Tracker;
				PRODUCT_NAME = "$(TARGET_NAME)";
				SWIFT_EMIT_LOC_STRINGS = YES;
				SWIFT_VERSION = 5.0;
				TARGETED_DEVICE_FAMILY = "1,2";
			};
			name = Release;
		};
		D5DC2D792985CD6D001F9D7B /* Debug */ = {
			isa = XCBuildConfiguration;
			buildSettings = {
				ALWAYS_EMBED_SWIFT_STANDARD_LIBRARIES = YES;
				BUNDLE_LOADER = "$(TEST_HOST)";
				CODE_SIGN_STYLE = Automatic;
				CURRENT_PROJECT_VERSION = 1;
				DEVELOPMENT_TEAM = L3GX9T5F55;
				GENERATE_INFOPLIST_FILE = YES;
				IPHONEOS_DEPLOYMENT_TARGET = 16.2;
				MARKETING_VERSION = 1.0;
				PRODUCT_BUNDLE_IDENTIFIER = ru.yandex.practicum.snowsergo.TrackerTests;
				PRODUCT_NAME = "$(TARGET_NAME)";
				SWIFT_EMIT_LOC_STRINGS = NO;
				SWIFT_VERSION = 5.0;
				TARGETED_DEVICE_FAMILY = "1,2";
				TEST_HOST = "$(BUILT_PRODUCTS_DIR)/Tracker.app/$(BUNDLE_EXECUTABLE_FOLDER_PATH)/Tracker";
			};
			name = Debug;
		};
		D5DC2D7A2985CD6D001F9D7B /* Release */ = {
			isa = XCBuildConfiguration;
			buildSettings = {
				ALWAYS_EMBED_SWIFT_STANDARD_LIBRARIES = YES;
				BUNDLE_LOADER = "$(TEST_HOST)";
				CODE_SIGN_STYLE = Automatic;
				CURRENT_PROJECT_VERSION = 1;
				DEVELOPMENT_TEAM = L3GX9T5F55;
				GENERATE_INFOPLIST_FILE = YES;
				IPHONEOS_DEPLOYMENT_TARGET = 16.2;
				MARKETING_VERSION = 1.0;
				PRODUCT_BUNDLE_IDENTIFIER = ru.yandex.practicum.snowsergo.TrackerTests;
				PRODUCT_NAME = "$(TARGET_NAME)";
				SWIFT_EMIT_LOC_STRINGS = NO;
				SWIFT_VERSION = 5.0;
				TARGETED_DEVICE_FAMILY = "1,2";
				TEST_HOST = "$(BUILT_PRODUCTS_DIR)/Tracker.app/$(BUNDLE_EXECUTABLE_FOLDER_PATH)/Tracker";
			};
			name = Release;
		};
		D5DC2D7C2985CD6D001F9D7B /* Debug */ = {
			isa = XCBuildConfiguration;
			buildSettings = {
				ALWAYS_EMBED_SWIFT_STANDARD_LIBRARIES = YES;
				CODE_SIGN_STYLE = Automatic;
				CURRENT_PROJECT_VERSION = 1;
				DEVELOPMENT_TEAM = L3GX9T5F55;
				GENERATE_INFOPLIST_FILE = YES;
				MARKETING_VERSION = 1.0;
				PRODUCT_BUNDLE_IDENTIFIER = ru.yandex.practicum.snowsergo.TrackerUITests;
				PRODUCT_NAME = "$(TARGET_NAME)";
				SWIFT_EMIT_LOC_STRINGS = NO;
				SWIFT_VERSION = 5.0;
				TARGETED_DEVICE_FAMILY = "1,2";
				TEST_TARGET_NAME = Tracker;
			};
			name = Debug;
		};
		D5DC2D7D2985CD6D001F9D7B /* Release */ = {
			isa = XCBuildConfiguration;
			buildSettings = {
				ALWAYS_EMBED_SWIFT_STANDARD_LIBRARIES = YES;
				CODE_SIGN_STYLE = Automatic;
				CURRENT_PROJECT_VERSION = 1;
				DEVELOPMENT_TEAM = L3GX9T5F55;
				GENERATE_INFOPLIST_FILE = YES;
				MARKETING_VERSION = 1.0;
				PRODUCT_BUNDLE_IDENTIFIER = ru.yandex.practicum.snowsergo.TrackerUITests;
				PRODUCT_NAME = "$(TARGET_NAME)";
				SWIFT_EMIT_LOC_STRINGS = NO;
				SWIFT_VERSION = 5.0;
				TARGETED_DEVICE_FAMILY = "1,2";
				TEST_TARGET_NAME = Tracker;
			};
			name = Release;
		};
/* End XCBuildConfiguration section */

/* Begin XCConfigurationList section */
		D5DC2D432985CD6C001F9D7B /* Build configuration list for PBXProject "Tracker" */ = {
			isa = XCConfigurationList;
			buildConfigurations = (
				D5DC2D732985CD6D001F9D7B /* Debug */,
				D5DC2D742985CD6D001F9D7B /* Release */,
			);
			defaultConfigurationIsVisible = 0;
			defaultConfigurationName = Release;
		};
		D5DC2D752985CD6D001F9D7B /* Build configuration list for PBXNativeTarget "Tracker" */ = {
			isa = XCConfigurationList;
			buildConfigurations = (
				D5DC2D762985CD6D001F9D7B /* Debug */,
				D5DC2D772985CD6D001F9D7B /* Release */,
			);
			defaultConfigurationIsVisible = 0;
			defaultConfigurationName = Release;
		};
		D5DC2D782985CD6D001F9D7B /* Build configuration list for PBXNativeTarget "TrackerTests" */ = {
			isa = XCConfigurationList;
			buildConfigurations = (
				D5DC2D792985CD6D001F9D7B /* Debug */,
				D5DC2D7A2985CD6D001F9D7B /* Release */,
			);
			defaultConfigurationIsVisible = 0;
			defaultConfigurationName = Release;
		};
		D5DC2D7B2985CD6D001F9D7B /* Build configuration list for PBXNativeTarget "TrackerUITests" */ = {
			isa = XCConfigurationList;
			buildConfigurations = (
				D5DC2D7C2985CD6D001F9D7B /* Debug */,
				D5DC2D7D2985CD6D001F9D7B /* Release */,
			);
			defaultConfigurationIsVisible = 0;
			defaultConfigurationName = Release;
		};
/* End XCConfigurationList section */

/* Begin XCVersionGroup section */
		D5DC2D542985CD6C001F9D7B /* Tracker.xcdatamodeld */ = {
			isa = XCVersionGroup;
			children = (
				D5DC2D552985CD6C001F9D7B /* Tracker.xcdatamodel */,
			);
			currentVersion = D5DC2D552985CD6C001F9D7B /* Tracker.xcdatamodel */;
			path = Tracker.xcdatamodeld;
			sourceTree = "<group>";
			versionGroupType = wrapper.xcdatamodel;
		};
/* End XCVersionGroup section */
	};
	rootObject = D5DC2D402985CD6C001F9D7B /* Project object */;
}
