// !$*UTF8*$!
{
	archiveVersion = 1;
	classes = {
	};
	objectVersion = 56;
	objects = {

/* Begin PBXBuildFile section */
		D5116942298C5BA200D418EC /* TrackerCreationViewController.swift in Sources */ = {isa = PBXBuildFile; fileRef = D5116941298C5BA200D418EC /* TrackerCreationViewController.swift */; };
		D532D3462988601000572A8A /* TabBarController.swift in Sources */ = {isa = PBXBuildFile; fileRef = D532D3452988601000572A8A /* TabBarController.swift */; };
		D532D3482988618D00572A8A /* StatisticsViewController.swift in Sources */ = {isa = PBXBuildFile; fileRef = D532D3472988618D00572A8A /* StatisticsViewController.swift */; };
		D53EAE4829AE8A6600E40373 /* CategoryViewController.swift in Sources */ = {isa = PBXBuildFile; fileRef = D53EAE4729AE8A6600E40373 /* CategoryViewController.swift */; };
		D53EAE4A29AE8F0B00E40373 /* CategoryCreationViewController.swift in Sources */ = {isa = PBXBuildFile; fileRef = D53EAE4929AE8F0B00E40373 /* CategoryCreationViewController.swift */; };
		D53EAE4C29AEA4D300E40373 /* CategoryViewCell.swift in Sources */ = {isa = PBXBuildFile; fileRef = D53EAE4B29AEA4D300E40373 /* CategoryViewCell.swift */; };
		D56E0C70298B12E7008E2038 /* TrackerSelectViewController.swift in Sources */ = {isa = PBXBuildFile; fileRef = D56E0C6F298B12E7008E2038 /* TrackerSelectViewController.swift */; };
		D57DA57E29D39F23003B5899 /* Declination.swift in Sources */ = {isa = PBXBuildFile; fileRef = D57DA57D29D39F23003B5899 /* Declination.swift */; };
		D58885B3299C3146003ED98D /* OnboardingViewController.swift in Sources */ = {isa = PBXBuildFile; fileRef = D58885B2299C3146003ED98D /* OnboardingViewController.swift */; };
		D58885B6299C31F0003ED98D /* YPButton.swift in Sources */ = {isa = PBXBuildFile; fileRef = D58885B5299C31F0003ED98D /* YPButton.swift */; };
		D58885BA299C3284003ED98D /* OnboardingPageViewController.swift in Sources */ = {isa = PBXBuildFile; fileRef = D58885B9299C3284003ED98D /* OnboardingPageViewController.swift */; };
		D58885BF299C34A3003ED98D /* ImageAsset.swift in Sources */ = {isa = PBXBuildFile; fileRef = D58885BE299C34A3003ED98D /* ImageAsset.swift */; };
		D58A5E9C298EB98D00260AC8 /* ColorAssets.swift in Sources */ = {isa = PBXBuildFile; fileRef = D58A5E9B298EB98D00260AC8 /* ColorAssets.swift */; };
		D58A5E9F298EBA3600260AC8 /* UIColor+HEX.swift in Sources */ = {isa = PBXBuildFile; fileRef = D58A5E9E298EBA3600260AC8 /* UIColor+HEX.swift */; };
		D58A5EA2298EC33000260AC8 /* Tracker.swift in Sources */ = {isa = PBXBuildFile; fileRef = D58A5EA1298EC33000260AC8 /* Tracker.swift */; };
		D58A5EA4298EC3D900260AC8 /* TrackerCategory.swift in Sources */ = {isa = PBXBuildFile; fileRef = D58A5EA3298EC3D900260AC8 /* TrackerCategory.swift */; };
		D58A5EA6298EC3E700260AC8 /* TrackerRecord.swift in Sources */ = {isa = PBXBuildFile; fileRef = D58A5EA5298EC3E700260AC8 /* TrackerRecord.swift */; };
		D58A5EA8298EC4E000260AC8 /* WeekDay.swift in Sources */ = {isa = PBXBuildFile; fileRef = D58A5EA7298EC4E000260AC8 /* WeekDay.swift */; };
		D58A5EAA298ED40300260AC8 /* ScheduleViewController.swift in Sources */ = {isa = PBXBuildFile; fileRef = D58A5EA9298ED40300260AC8 /* ScheduleViewController.swift */; };
		D58A5EAC298F19D600260AC8 /* ScheduleViewCell.swift in Sources */ = {isa = PBXBuildFile; fileRef = D58A5EAB298F19D600260AC8 /* ScheduleViewCell.swift */; };
		D58E01A329BE6ED900F5D4C2 /* Store.swift in Sources */ = {isa = PBXBuildFile; fileRef = D58E01A229BE6ED900F5D4C2 /* Store.swift */; };
		D58E01A529BE73C200F5D4C2 /* TrackerStore.swift in Sources */ = {isa = PBXBuildFile; fileRef = D58E01A429BE73C200F5D4C2 /* TrackerStore.swift */; };
		D58E01A929BE73E400F5D4C2 /* TrackerRecordStore.swift in Sources */ = {isa = PBXBuildFile; fileRef = D58E01A829BE73E400F5D4C2 /* TrackerRecordStore.swift */; };
		D58E01AB29BE772D00F5D4C2 /* TrackerCategoryStore.swift in Sources */ = {isa = PBXBuildFile; fileRef = D58E01AA29BE772D00F5D4C2 /* TrackerCategoryStore.swift */; };
		D590AB5A29B26658001B760E /* EmojiCell.swift in Sources */ = {isa = PBXBuildFile; fileRef = D590AB5929B26658001B760E /* EmojiCell.swift */; };
		D590AB5C29B284C3001B760E /* SubTableHeaderView.swift in Sources */ = {isa = PBXBuildFile; fileRef = D590AB5B29B284C3001B760E /* SubTableHeaderView.swift */; };
		D590AB5E29B28598001B760E /* ColorCell.swift in Sources */ = {isa = PBXBuildFile; fileRef = D590AB5D29B28598001B760E /* ColorCell.swift */; };
		D59938A929998E430093A4D6 /* TrackerCategoryHeaderView.swift in Sources */ = {isa = PBXBuildFile; fileRef = D59938A829998E430093A4D6 /* TrackerCategoryHeaderView.swift */; };
		D5A12CCC29A01C89003BA223 /* PlaceholderView.swift in Sources */ = {isa = PBXBuildFile; fileRef = D5A12CCB29A01C89003BA223 /* PlaceholderView.swift */; };
		D5B16DB1299ECBA1006334F1 /* YSDisplay-Medium.ttf in Resources */ = {isa = PBXBuildFile; fileRef = D5B16DAE299ECBA1006334F1 /* YSDisplay-Medium.ttf */; };
		D5B16DB2299ECBA1006334F1 /* YSDisplay-Regular.ttf in Resources */ = {isa = PBXBuildFile; fileRef = D5B16DAF299ECBA1006334F1 /* YSDisplay-Regular.ttf */; };
		D5B16DB3299ECBA1006334F1 /* YSDisplay-Bold.ttf in Resources */ = {isa = PBXBuildFile; fileRef = D5B16DB0299ECBA1006334F1 /* YSDisplay-Bold.ttf */; };
		D5B16DB5299ECDE9006334F1 /* FontAsset+UIFont.swift in Sources */ = {isa = PBXBuildFile; fileRef = D5B16DB4299ECDE9006334F1 /* FontAsset+UIFont.swift */; };
		D5B3C2A42999318000CE90E5 /* TrackerCollectionViewCell.swift in Sources */ = {isa = PBXBuildFile; fileRef = D5B3C2A32999318000CE90E5 /* TrackerCollectionViewCell.swift */; };
		D5BE07F329EB306300ED366D /* CategoriesViewModel.swift in Sources */ = {isa = PBXBuildFile; fileRef = D5BE07F229EB306300ED366D /* CategoriesViewModel.swift */; };
		D5D3696D2990188000B0D0F0 /* ScheduleButton.swift in Sources */ = {isa = PBXBuildFile; fileRef = D5D3696C2990188000B0D0F0 /* ScheduleButton.swift */; };
		D5DC2D4C2985CD6C001F9D7B /* AppDelegate.swift in Sources */ = {isa = PBXBuildFile; fileRef = D5DC2D4B2985CD6C001F9D7B /* AppDelegate.swift */; };
		D5DC2D4E2985CD6C001F9D7B /* SceneDelegate.swift in Sources */ = {isa = PBXBuildFile; fileRef = D5DC2D4D2985CD6C001F9D7B /* SceneDelegate.swift */; };
		D5DC2D502985CD6C001F9D7B /* TrackersViewController.swift in Sources */ = {isa = PBXBuildFile; fileRef = D5DC2D4F2985CD6C001F9D7B /* TrackersViewController.swift */; };
		D5DC2D532985CD6C001F9D7B /* Main.storyboard in Resources */ = {isa = PBXBuildFile; fileRef = D5DC2D512985CD6C001F9D7B /* Main.storyboard */; };
		D5DC2D562985CD6C001F9D7B /* Tracker.xcdatamodeld in Sources */ = {isa = PBXBuildFile; fileRef = D5DC2D542985CD6C001F9D7B /* Tracker.xcdatamodeld */; };
		D5DC2D582985CD6D001F9D7B /* Assets.xcassets in Resources */ = {isa = PBXBuildFile; fileRef = D5DC2D572985CD6D001F9D7B /* Assets.xcassets */; };
		D5DC2D5B2985CD6D001F9D7B /* LaunchScreen.storyboard in Resources */ = {isa = PBXBuildFile; fileRef = D5DC2D592985CD6D001F9D7B /* LaunchScreen.storyboard */; };
		D5DC2D662985CD6D001F9D7B /* TrackerTests.swift in Sources */ = {isa = PBXBuildFile; fileRef = D5DC2D652985CD6D001F9D7B /* TrackerTests.swift */; };
		D5DC2D702985CD6D001F9D7B /* TrackerUITests.swift in Sources */ = {isa = PBXBuildFile; fileRef = D5DC2D6F2985CD6D001F9D7B /* TrackerUITests.swift */; };
		D5DC2D722985CD6D001F9D7B /* TrackerUITestsLaunchTests.swift in Sources */ = {isa = PBXBuildFile; fileRef = D5DC2D712985CD6D001F9D7B /* TrackerUITestsLaunchTests.swift */; };
/* End PBXBuildFile section */

/* Begin PBXContainerItemProxy section */
		D5DC2D622985CD6D001F9D7B /* PBXContainerItemProxy */ = {
			isa = PBXContainerItemProxy;
			containerPortal = D5DC2D402985CD6C001F9D7B /* Project object */;
			proxyType = 1;
			remoteGlobalIDString = D5DC2D472985CD6C001F9D7B;
			remoteInfo = Tracker;
		};
		D5DC2D6C2985CD6D001F9D7B /* PBXContainerItemProxy */ = {
			isa = PBXContainerItemProxy;
			containerPortal = D5DC2D402985CD6C001F9D7B /* Project object */;
			proxyType = 1;
			remoteGlobalIDString = D5DC2D472985CD6C001F9D7B;
			remoteInfo = Tracker;
		};
/* End PBXContainerItemProxy section */

/* Begin PBXFileReference section */
		D5116941298C5BA200D418EC /* TrackerCreationViewController.swift */ = {isa = PBXFileReference; lastKnownFileType = sourcecode.swift; path = TrackerCreationViewController.swift; sourceTree = "<group>"; };
		D532D3452988601000572A8A /* TabBarController.swift */ = {isa = PBXFileReference; lastKnownFileType = sourcecode.swift; path = TabBarController.swift; sourceTree = "<group>"; };
		D532D3472988618D00572A8A /* StatisticsViewController.swift */ = {isa = PBXFileReference; lastKnownFileType = sourcecode.swift; path = StatisticsViewController.swift; sourceTree = "<group>"; };
		D53EAE4729AE8A6600E40373 /* CategoryViewController.swift */ = {isa = PBXFileReference; lastKnownFileType = sourcecode.swift; path = CategoryViewController.swift; sourceTree = "<group>"; };
		D53EAE4929AE8F0B00E40373 /* CategoryCreationViewController.swift */ = {isa = PBXFileReference; lastKnownFileType = sourcecode.swift; path = CategoryCreationViewController.swift; sourceTree = "<group>"; };
		D53EAE4B29AEA4D300E40373 /* CategoryViewCell.swift */ = {isa = PBXFileReference; lastKnownFileType = sourcecode.swift; path = CategoryViewCell.swift; sourceTree = "<group>"; };
		D56E0C6F298B12E7008E2038 /* TrackerSelectViewController.swift */ = {isa = PBXFileReference; lastKnownFileType = sourcecode.swift; path = TrackerSelectViewController.swift; sourceTree = "<group>"; };
		D57DA57D29D39F23003B5899 /* Declination.swift */ = {isa = PBXFileReference; lastKnownFileType = sourcecode.swift; path = Declination.swift; sourceTree = "<group>"; };
		D58885B2299C3146003ED98D /* OnboardingViewController.swift */ = {isa = PBXFileReference; lastKnownFileType = sourcecode.swift; path = OnboardingViewController.swift; sourceTree = "<group>"; };
		D58885B5299C31F0003ED98D /* YPButton.swift */ = {isa = PBXFileReference; lastKnownFileType = sourcecode.swift; path = YPButton.swift; sourceTree = "<group>"; };
		D58885B9299C3284003ED98D /* OnboardingPageViewController.swift */ = {isa = PBXFileReference; lastKnownFileType = sourcecode.swift; path = OnboardingPageViewController.swift; sourceTree = "<group>"; };
		D58885BE299C34A3003ED98D /* ImageAsset.swift */ = {isa = PBXFileReference; lastKnownFileType = sourcecode.swift; path = ImageAsset.swift; sourceTree = "<group>"; };
		D58A5E9B298EB98D00260AC8 /* ColorAssets.swift */ = {isa = PBXFileReference; lastKnownFileType = sourcecode.swift; path = ColorAssets.swift; sourceTree = "<group>"; };
		D58A5E9E298EBA3600260AC8 /* UIColor+HEX.swift */ = {isa = PBXFileReference; lastKnownFileType = sourcecode.swift; path = "UIColor+HEX.swift"; sourceTree = "<group>"; };
		D58A5EA1298EC33000260AC8 /* Tracker.swift */ = {isa = PBXFileReference; lastKnownFileType = sourcecode.swift; path = Tracker.swift; sourceTree = "<group>"; };
		D58A5EA3298EC3D900260AC8 /* TrackerCategory.swift */ = {isa = PBXFileReference; lastKnownFileType = sourcecode.swift; path = TrackerCategory.swift; sourceTree = "<group>"; };
		D58A5EA5298EC3E700260AC8 /* TrackerRecord.swift */ = {isa = PBXFileReference; lastKnownFileType = sourcecode.swift; path = TrackerRecord.swift; sourceTree = "<group>"; };
		D58A5EA7298EC4E000260AC8 /* WeekDay.swift */ = {isa = PBXFileReference; lastKnownFileType = sourcecode.swift; path = WeekDay.swift; sourceTree = "<group>"; };
		D58A5EA9298ED40300260AC8 /* ScheduleViewController.swift */ = {isa = PBXFileReference; lastKnownFileType = sourcecode.swift; path = ScheduleViewController.swift; sourceTree = "<group>"; };
		D58A5EAB298F19D600260AC8 /* ScheduleViewCell.swift */ = {isa = PBXFileReference; lastKnownFileType = sourcecode.swift; path = ScheduleViewCell.swift; sourceTree = "<group>"; };
		D58E01A229BE6ED900F5D4C2 /* Store.swift */ = {isa = PBXFileReference; lastKnownFileType = sourcecode.swift; path = Store.swift; sourceTree = "<group>"; };
		D58E01A429BE73C200F5D4C2 /* TrackerStore.swift */ = {isa = PBXFileReference; lastKnownFileType = sourcecode.swift; path = TrackerStore.swift; sourceTree = "<group>"; };
		D58E01A829BE73E400F5D4C2 /* TrackerRecordStore.swift */ = {isa = PBXFileReference; lastKnownFileType = sourcecode.swift; path = TrackerRecordStore.swift; sourceTree = "<group>"; };
		D58E01AA29BE772D00F5D4C2 /* TrackerCategoryStore.swift */ = {isa = PBXFileReference; lastKnownFileType = sourcecode.swift; path = TrackerCategoryStore.swift; sourceTree = "<group>"; };
		D590AB5929B26658001B760E /* EmojiCell.swift */ = {isa = PBXFileReference; lastKnownFileType = sourcecode.swift; path = EmojiCell.swift; sourceTree = "<group>"; };
		D590AB5B29B284C3001B760E /* SubTableHeaderView.swift */ = {isa = PBXFileReference; lastKnownFileType = sourcecode.swift; path = SubTableHeaderView.swift; sourceTree = "<group>"; };
		D590AB5D29B28598001B760E /* ColorCell.swift */ = {isa = PBXFileReference; lastKnownFileType = sourcecode.swift; path = ColorCell.swift; sourceTree = "<group>"; };
		D59938A829998E430093A4D6 /* TrackerCategoryHeaderView.swift */ = {isa = PBXFileReference; lastKnownFileType = sourcecode.swift; path = TrackerCategoryHeaderView.swift; sourceTree = "<group>"; };
		D5A12CCB29A01C89003BA223 /* PlaceholderView.swift */ = {isa = PBXFileReference; fileEncoding = 4; lastKnownFileType = sourcecode.swift; path = PlaceholderView.swift; sourceTree = "<group>"; };
		D5B16DAE299ECBA1006334F1 /* YSDisplay-Medium.ttf */ = {isa = PBXFileReference; lastKnownFileType = file; path = "YSDisplay-Medium.ttf"; sourceTree = "<group>"; };
		D5B16DAF299ECBA1006334F1 /* YSDisplay-Regular.ttf */ = {isa = PBXFileReference; lastKnownFileType = file; path = "YSDisplay-Regular.ttf"; sourceTree = "<group>"; };
		D5B16DB0299ECBA1006334F1 /* YSDisplay-Bold.ttf */ = {isa = PBXFileReference; lastKnownFileType = file; path = "YSDisplay-Bold.ttf"; sourceTree = "<group>"; };
		D5B16DB4299ECDE9006334F1 /* FontAsset+UIFont.swift */ = {isa = PBXFileReference; fileEncoding = 4; lastKnownFileType = sourcecode.swift; path = "FontAsset+UIFont.swift"; sourceTree = "<group>"; };
		D5B3C2A32999318000CE90E5 /* TrackerCollectionViewCell.swift */ = {isa = PBXFileReference; lastKnownFileType = sourcecode.swift; path = TrackerCollectionViewCell.swift; sourceTree = "<group>"; };
		D5BE07F229EB306300ED366D /* CategoriesViewModel.swift */ = {isa = PBXFileReference; lastKnownFileType = sourcecode.swift; path = CategoriesViewModel.swift; sourceTree = "<group>"; };
		D5D3696C2990188000B0D0F0 /* ScheduleButton.swift */ = {isa = PBXFileReference; lastKnownFileType = sourcecode.swift; path = ScheduleButton.swift; sourceTree = "<group>"; };
		D5DC2D482985CD6C001F9D7B /* Tracker.app */ = {isa = PBXFileReference; explicitFileType = wrapper.application; includeInIndex = 0; path = Tracker.app; sourceTree = BUILT_PRODUCTS_DIR; };
		D5DC2D4B2985CD6C001F9D7B /* AppDelegate.swift */ = {isa = PBXFileReference; lastKnownFileType = sourcecode.swift; path = AppDelegate.swift; sourceTree = "<group>"; };
		D5DC2D4D2985CD6C001F9D7B /* SceneDelegate.swift */ = {isa = PBXFileReference; lastKnownFileType = sourcecode.swift; path = SceneDelegate.swift; sourceTree = "<group>"; };
		D5DC2D4F2985CD6C001F9D7B /* TrackersViewController.swift */ = {isa = PBXFileReference; lastKnownFileType = sourcecode.swift; path = TrackersViewController.swift; sourceTree = "<group>"; };
		D5DC2D522985CD6C001F9D7B /* Base */ = {isa = PBXFileReference; lastKnownFileType = file.storyboard; name = Base; path = Base.lproj/Main.storyboard; sourceTree = "<group>"; };
		D5DC2D552985CD6C001F9D7B /* Tracker.xcdatamodel */ = {isa = PBXFileReference; lastKnownFileType = wrapper.xcdatamodel; path = Tracker.xcdatamodel; sourceTree = "<group>"; };
		D5DC2D572985CD6D001F9D7B /* Assets.xcassets */ = {isa = PBXFileReference; lastKnownFileType = folder.assetcatalog; path = Assets.xcassets; sourceTree = "<group>"; };
		D5DC2D5A2985CD6D001F9D7B /* Base */ = {isa = PBXFileReference; lastKnownFileType = file.storyboard; name = Base; path = Base.lproj/LaunchScreen.storyboard; sourceTree = "<group>"; };
		D5DC2D5C2985CD6D001F9D7B /* Info.plist */ = {isa = PBXFileReference; lastKnownFileType = text.plist.xml; path = Info.plist; sourceTree = "<group>"; };
		D5DC2D612985CD6D001F9D7B /* TrackerTests.xctest */ = {isa = PBXFileReference; explicitFileType = wrapper.cfbundle; includeInIndex = 0; path = TrackerTests.xctest; sourceTree = BUILT_PRODUCTS_DIR; };
		D5DC2D652985CD6D001F9D7B /* TrackerTests.swift */ = {isa = PBXFileReference; lastKnownFileType = sourcecode.swift; path = TrackerTests.swift; sourceTree = "<group>"; };
		D5DC2D6B2985CD6D001F9D7B /* TrackerUITests.xctest */ = {isa = PBXFileReference; explicitFileType = wrapper.cfbundle; includeInIndex = 0; path = TrackerUITests.xctest; sourceTree = BUILT_PRODUCTS_DIR; };
		D5DC2D6F2985CD6D001F9D7B /* TrackerUITests.swift */ = {isa = PBXFileReference; lastKnownFileType = sourcecode.swift; path = TrackerUITests.swift; sourceTree = "<group>"; };
		D5DC2D712985CD6D001F9D7B /* TrackerUITestsLaunchTests.swift */ = {isa = PBXFileReference; lastKnownFileType = sourcecode.swift; path = TrackerUITestsLaunchTests.swift; sourceTree = "<group>"; };
/* End PBXFileReference section */

/* Begin PBXFrameworksBuildPhase section */
		D5DC2D452985CD6C001F9D7B /* Frameworks */ = {
			isa = PBXFrameworksBuildPhase;
			buildActionMask = 2147483647;
			files = (
			);
			runOnlyForDeploymentPostprocessing = 0;
		};
		D5DC2D5E2985CD6D001F9D7B /* Frameworks */ = {
			isa = PBXFrameworksBuildPhase;
			buildActionMask = 2147483647;
			files = (
			);
			runOnlyForDeploymentPostprocessing = 0;
		};
		D5DC2D682985CD6D001F9D7B /* Frameworks */ = {
			isa = PBXFrameworksBuildPhase;
			buildActionMask = 2147483647;
			files = (
			);
			runOnlyForDeploymentPostprocessing = 0;
		};
/* End PBXFrameworksBuildPhase section */

/* Begin PBXGroup section */
		D53EAE4629AE8A4100E40373 /* Category */ = {
			isa = PBXGroup;
			children = (
				D53EAE4729AE8A6600E40373 /* CategoryViewController.swift */,
				D5BE07F229EB306300ED366D /* CategoriesViewModel.swift */,
				D53EAE4929AE8F0B00E40373 /* CategoryCreationViewController.swift */,
				D53EAE4B29AEA4D300E40373 /* CategoryViewCell.swift */,
			);
			path = Category;
			sourceTree = "<group>";
		};
		D58885B4299C31C2003ED98D /* Components */ = {
			isa = PBXGroup;
			children = (
				D5A12CCB29A01C89003BA223 /* PlaceholderView.swift */,
				D58885B5299C31F0003ED98D /* YPButton.swift */,
			);
			path = Components;
			sourceTree = "<group>";
		};
		D58885B7299C324D003ED98D /* Scenes */ = {
			isa = PBXGroup;
			children = (
				D53EAE4629AE8A4100E40373 /* Category */,
				D58885BD299C3406003ED98D /* Schedule */,
				D58885BC299C33E1003ED98D /* Tracker */,
				D58885BB299C33BD003ED98D /* Trackers */,
				D58885B8299C3256003ED98D /* Onboarding */,
			);
			path = Scenes;
			sourceTree = "<group>";
		};
		D58885B8299C3256003ED98D /* Onboarding */ = {
			isa = PBXGroup;
			children = (
				D58885B2299C3146003ED98D /* OnboardingViewController.swift */,
				D58885B9299C3284003ED98D /* OnboardingPageViewController.swift */,
			);
			path = Onboarding;
			sourceTree = "<group>";
		};
		D58885BB299C33BD003ED98D /* Trackers */ = {
			isa = PBXGroup;
			children = (
				D5DC2D4F2985CD6C001F9D7B /* TrackersViewController.swift */,
			);
			path = Trackers;
			sourceTree = "<group>";
		};
		D58885BC299C33E1003ED98D /* Tracker */ = {
			isa = PBXGroup;
			children = (
				D590AB5829B26633001B760E /* Components */,
				D56E0C6F298B12E7008E2038 /* TrackerSelectViewController.swift */,
				D5B3C2A32999318000CE90E5 /* TrackerCollectionViewCell.swift */,
				D59938A829998E430093A4D6 /* TrackerCategoryHeaderView.swift */,
				D5116941298C5BA200D418EC /* TrackerCreationViewController.swift */,
			);
			path = Tracker;
			sourceTree = "<group>";
		};
		D58885BD299C3406003ED98D /* Schedule */ = {
			isa = PBXGroup;
			children = (
				D5D3696C2990188000B0D0F0 /* ScheduleButton.swift */,
				D58A5EAB298F19D600260AC8 /* ScheduleViewCell.swift */,
				D58A5EA9298ED40300260AC8 /* ScheduleViewController.swift */,
			);
			path = Schedule;
			sourceTree = "<group>";
		};
		D58A5E9A298EB97200260AC8 /* Resources */ = {
			isa = PBXGroup;
			children = (
				D5B16DAD299ECBA1006334F1 /* Fonts */,
				D58A5E9B298EB98D00260AC8 /* ColorAssets.swift */,
				D5B16DB4299ECDE9006334F1 /* FontAsset+UIFont.swift */,
				D58885BE299C34A3003ED98D /* ImageAsset.swift */,
			);
			path = Resources;
			sourceTree = "<group>";
		};
		D58A5E9D298EBA0E00260AC8 /* Helpers */ = {
			isa = PBXGroup;
			children = (
				D58A5E9E298EBA3600260AC8 /* UIColor+HEX.swift */,
				D57DA57D29D39F23003B5899 /* Declination.swift */,
			);
			path = Helpers;
			sourceTree = "<group>";
		};
		D58A5EA0298EC31400260AC8 /* Models */ = {
			isa = PBXGroup;
			children = (
				D58A5EA1298EC33000260AC8 /* Tracker.swift */,
				D58A5EA7298EC4E000260AC8 /* WeekDay.swift */,
				D58A5EA3298EC3D900260AC8 /* TrackerCategory.swift */,
				D58A5EA5298EC3E700260AC8 /* TrackerRecord.swift */,
			);
			path = Models;
			sourceTree = "<group>";
		};
		D58E01A129BE6D2E00F5D4C2 /* Store */ = {
			isa = PBXGroup;
			children = (
				D58E01A229BE6ED900F5D4C2 /* Store.swift */,
				D58E01A429BE73C200F5D4C2 /* TrackerStore.swift */,
				D58E01AA29BE772D00F5D4C2 /* TrackerCategoryStore.swift */,
				D58E01A829BE73E400F5D4C2 /* TrackerRecordStore.swift */,
			);
			path = Store;
			sourceTree = "<group>";
		};
		D590AB5829B26633001B760E /* Components */ = {
			isa = PBXGroup;
			children = (
				D590AB5929B26658001B760E /* EmojiCell.swift */,
				D590AB5B29B284C3001B760E /* SubTableHeaderView.swift */,
				D590AB5D29B28598001B760E /* ColorCell.swift */,
			);
			path = Components;
			sourceTree = "<group>";
		};
		D5B16DAD299ECBA1006334F1 /* Fonts */ = {
			isa = PBXGroup;
			children = (
				D5B16DAE299ECBA1006334F1 /* YSDisplay-Medium.ttf */,
				D5B16DAF299ECBA1006334F1 /* YSDisplay-Regular.ttf */,
				D5B16DB0299ECBA1006334F1 /* YSDisplay-Bold.ttf */,
			);
			path = Fonts;
			sourceTree = "<group>";
		};
		D5DC2D3F2985CD6C001F9D7B = {
			isa = PBXGroup;
			children = (
				D5DC2D4A2985CD6C001F9D7B /* Tracker */,
				D5DC2D642985CD6D001F9D7B /* TrackerTests */,
				D5DC2D6E2985CD6D001F9D7B /* TrackerUITests */,
				D5DC2D492985CD6C001F9D7B /* Products */,
			);
			sourceTree = "<group>";
		};
		D5DC2D492985CD6C001F9D7B /* Products */ = {
			isa = PBXGroup;
			children = (
				D5DC2D482985CD6C001F9D7B /* Tracker.app */,
				D5DC2D612985CD6D001F9D7B /* TrackerTests.xctest */,
				D5DC2D6B2985CD6D001F9D7B /* TrackerUITests.xctest */,
			);
			name = Products;
			sourceTree = "<group>";
		};
		D5DC2D4A2985CD6C001F9D7B /* Tracker */ = {
			isa = PBXGroup;
			children = (
				D58E01A129BE6D2E00F5D4C2 /* Store */,
				D58885B7299C324D003ED98D /* Scenes */,
				D58885B4299C31C2003ED98D /* Components */,
				D58A5E9D298EBA0E00260AC8 /* Helpers */,
				D5DC2D4B2985CD6C001F9D7B /* AppDelegate.swift */,
				D5DC2D4D2985CD6C001F9D7B /* SceneDelegate.swift */,
				D58A5EA0298EC31400260AC8 /* Models */,
				D58A5E9A298EB97200260AC8 /* Resources */,
				D532D3472988618D00572A8A /* StatisticsViewController.swift */,
				D532D3452988601000572A8A /* TabBarController.swift */,
				D5DC2D512985CD6C001F9D7B /* Main.storyboard */,
				D5DC2D572985CD6D001F9D7B /* Assets.xcassets */,
				D5DC2D592985CD6D001F9D7B /* LaunchScreen.storyboard */,
				D5DC2D5C2985CD6D001F9D7B /* Info.plist */,
				D5DC2D542985CD6C001F9D7B /* Tracker.xcdatamodeld */,
			);
			path = Tracker;
			sourceTree = "<group>";
		};
		D5DC2D642985CD6D001F9D7B /* TrackerTests */ = {
			isa = PBXGroup;
			children = (
				D5DC2D652985CD6D001F9D7B /* TrackerTests.swift */,
			);
			path = TrackerTests;
			sourceTree = "<group>";
		};
		D5DC2D6E2985CD6D001F9D7B /* TrackerUITests */ = {
			isa = PBXGroup;
			children = (
				D5DC2D6F2985CD6D001F9D7B /* TrackerUITests.swift */,
				D5DC2D712985CD6D001F9D7B /* TrackerUITestsLaunchTests.swift */,
			);
			path = TrackerUITests;
			sourceTree = "<group>";
		};
/* End PBXGroup section */

/* Begin PBXNativeTarget section */
		D5DC2D472985CD6C001F9D7B /* Tracker */ = {
			isa = PBXNativeTarget;
			buildConfigurationList = D5DC2D752985CD6D001F9D7B /* Build configuration list for PBXNativeTarget "Tracker" */;
			buildPhases = (
				D5DC2D442985CD6C001F9D7B /* Sources */,
				D5DC2D452985CD6C001F9D7B /* Frameworks */,
				D5DC2D462985CD6C001F9D7B /* Resources */,
			);
			buildRules = (
			);
			dependencies = (
			);
			name = Tracker;
			productName = Tracker;
			productReference = D5DC2D482985CD6C001F9D7B /* Tracker.app */;
			productType = "com.apple.product-type.application";
		};
		D5DC2D602985CD6D001F9D7B /* TrackerTests */ = {
			isa = PBXNativeTarget;
			buildConfigurationList = D5DC2D782985CD6D001F9D7B /* Build configuration list for PBXNativeTarget "TrackerTests" */;
			buildPhases = (
				D5DC2D5D2985CD6D001F9D7B /* Sources */,
				D5DC2D5E2985CD6D001F9D7B /* Frameworks */,
				D5DC2D5F2985CD6D001F9D7B /* Resources */,
			);
			buildRules = (
			);
			dependencies = (
				D5DC2D632985CD6D001F9D7B /* PBXTargetDependency */,
			);
			name = TrackerTests;
			productName = TrackerTests;
			productReference = D5DC2D612985CD6D001F9D7B /* TrackerTests.xctest */;
			productType = "com.apple.product-type.bundle.unit-test";
		};
		D5DC2D6A2985CD6D001F9D7B /* TrackerUITests */ = {
			isa = PBXNativeTarget;
			buildConfigurationList = D5DC2D7B2985CD6D001F9D7B /* Build configuration list for PBXNativeTarget "TrackerUITests" */;
			buildPhases = (
				D5DC2D672985CD6D001F9D7B /* Sources */,
				D5DC2D682985CD6D001F9D7B /* Frameworks */,
				D5DC2D692985CD6D001F9D7B /* Resources */,
			);
			buildRules = (
			);
			dependencies = (
				D5DC2D6D2985CD6D001F9D7B /* PBXTargetDependency */,
			);
			name = TrackerUITests;
			productName = TrackerUITests;
			productReference = D5DC2D6B2985CD6D001F9D7B /* TrackerUITests.xctest */;
			productType = "com.apple.product-type.bundle.ui-testing";
		};
/* End PBXNativeTarget section */

/* Begin PBXProject section */
		D5DC2D402985CD6C001F9D7B /* Project object */ = {
			isa = PBXProject;
			attributes = {
				BuildIndependentTargetsInParallel = 1;
				LastSwiftUpdateCheck = 1420;
				LastUpgradeCheck = 1420;
				TargetAttributes = {
					D5DC2D472985CD6C001F9D7B = {
						CreatedOnToolsVersion = 14.2;
					};
					D5DC2D602985CD6D001F9D7B = {
						CreatedOnToolsVersion = 14.2;
						TestTargetID = D5DC2D472985CD6C001F9D7B;
					};
					D5DC2D6A2985CD6D001F9D7B = {
						CreatedOnToolsVersion = 14.2;
						TestTargetID = D5DC2D472985CD6C001F9D7B;
					};
				};
			};
			buildConfigurationList = D5DC2D432985CD6C001F9D7B /* Build configuration list for PBXProject "Tracker" */;
			compatibilityVersion = "Xcode 14.0";
			developmentRegion = en;
			hasScannedForEncodings = 0;
			knownRegions = (
				en,
				Base,
			);
			mainGroup = D5DC2D3F2985CD6C001F9D7B;
			productRefGroup = D5DC2D492985CD6C001F9D7B /* Products */;
			projectDirPath = "";
			projectRoot = "";
			targets = (
				D5DC2D472985CD6C001F9D7B /* Tracker */,
				D5DC2D602985CD6D001F9D7B /* TrackerTests */,
				D5DC2D6A2985CD6D001F9D7B /* TrackerUITests */,
			);
		};
/* End PBXProject section */

/* Begin PBXResourcesBuildPhase section */
		D5DC2D462985CD6C001F9D7B /* Resources */ = {
			isa = PBXResourcesBuildPhase;
			buildActionMask = 2147483647;
			files = (
				D5B16DB1299ECBA1006334F1 /* YSDisplay-Medium.ttf in Resources */,
				D5DC2D5B2985CD6D001F9D7B /* LaunchScreen.storyboard in Resources */,
				D5B16DB2299ECBA1006334F1 /* YSDisplay-Regular.ttf in Resources */,
				D5DC2D582985CD6D001F9D7B /* Assets.xcassets in Resources */,
				D5B16DB3299ECBA1006334F1 /* YSDisplay-Bold.ttf in Resources */,
				D5DC2D532985CD6C001F9D7B /* Main.storyboard in Resources */,
			);
			runOnlyForDeploymentPostprocessing = 0;
		};
		D5DC2D5F2985CD6D001F9D7B /* Resources */ = {
			isa = PBXResourcesBuildPhase;
			buildActionMask = 2147483647;
			files = (
			);
			runOnlyForDeploymentPostprocessing = 0;
		};
		D5DC2D692985CD6D001F9D7B /* Resources */ = {
			isa = PBXResourcesBuildPhase;
			buildActionMask = 2147483647;
			files = (
			);
			runOnlyForDeploymentPostprocessing = 0;
		};
/* End PBXResourcesBuildPhase section */

/* Begin PBXSourcesBuildPhase section */
		D5DC2D442985CD6C001F9D7B /* Sources */ = {
			isa = PBXSourcesBuildPhase;
			buildActionMask = 2147483647;
			files = (
				D5A12CCC29A01C89003BA223 /* PlaceholderView.swift in Sources */,
				D58E01AB29BE772D00F5D4C2 /* TrackerCategoryStore.swift in Sources */,
				D5D3696D2990188000B0D0F0 /* ScheduleButton.swift in Sources */,
				D590AB5C29B284C3001B760E /* SubTableHeaderView.swift in Sources */,
				D5B16DB5299ECDE9006334F1 /* FontAsset+UIFont.swift in Sources */,
				D5B3C2A42999318000CE90E5 /* TrackerCollectionViewCell.swift in Sources */,
				D58A5E9C298EB98D00260AC8 /* ColorAssets.swift in Sources */,
				D58E01A329BE6ED900F5D4C2 /* Store.swift in Sources */,
				D53EAE4C29AEA4D300E40373 /* CategoryViewCell.swift in Sources */,
				D58A5EA2298EC33000260AC8 /* Tracker.swift in Sources */,
				D58885BF299C34A3003ED98D /* ImageAsset.swift in Sources */,
				D590AB5E29B28598001B760E /* ColorCell.swift in Sources */,
				D58885B3299C3146003ED98D /* OnboardingViewController.swift in Sources */,
				D58A5EAA298ED40300260AC8 /* ScheduleViewController.swift in Sources */,
				D53EAE4A29AE8F0B00E40373 /* CategoryCreationViewController.swift in Sources */,
				D58A5EA8298EC4E000260AC8 /* WeekDay.swift in Sources */,
				D590AB5A29B26658001B760E /* EmojiCell.swift in Sources */,
				D58E01A529BE73C200F5D4C2 /* TrackerStore.swift in Sources */,
				D58885BA299C3284003ED98D /* OnboardingPageViewController.swift in Sources */,
				D59938A929998E430093A4D6 /* TrackerCategoryHeaderView.swift in Sources */,
				D58A5E9F298EBA3600260AC8 /* UIColor+HEX.swift in Sources */,
				D5DC2D562985CD6C001F9D7B /* Tracker.xcdatamodeld in Sources */,
				D58A5EA6298EC3E700260AC8 /* TrackerRecord.swift in Sources */,
				D5DC2D502985CD6C001F9D7B /* TrackersViewController.swift in Sources */,
				D53EAE4829AE8A6600E40373 /* CategoryViewController.swift in Sources */,
				D57DA57E29D39F23003B5899 /* Declination.swift in Sources */,
				D58A5EA4298EC3D900260AC8 /* TrackerCategory.swift in Sources */,
				D58885B6299C31F0003ED98D /* YPButton.swift in Sources */,
				D5BE07F329EB306300ED366D /* CategoriesViewModel.swift in Sources */,
				D532D3482988618D00572A8A /* StatisticsViewController.swift in Sources */,
				D5DC2D4C2985CD6C001F9D7B /* AppDelegate.swift in Sources */,
				D532D3462988601000572A8A /* TabBarController.swift in Sources */,
				D58E01A929BE73E400F5D4C2 /* TrackerRecordStore.swift in Sources */,
				D58A5EAC298F19D600260AC8 /* ScheduleViewCell.swift in Sources */,
				D5116942298C5BA200D418EC /* TrackerCreationViewController.swift in Sources */,
				D56E0C70298B12E7008E2038 /* TrackerSelectViewController.swift in Sources */,
				D5DC2D4E2985CD6C001F9D7B /* SceneDelegate.swift in Sources */,
			);
			runOnlyForDeploymentPostprocessing = 0;
		};
		D5DC2D5D2985CD6D001F9D7B /* Sources */ = {
			isa = PBXSourcesBuildPhase;
			buildActionMask = 2147483647;
			files = (
				D5DC2D662985CD6D001F9D7B /* TrackerTests.swift in Sources */,
			);
			runOnlyForDeploymentPostprocessing = 0;
		};
		D5DC2D672985CD6D001F9D7B /* Sources */ = {
			isa = PBXSourcesBuildPhase;
			buildActionMask = 2147483647;
			files = (
				D5DC2D702985CD6D001F9D7B /* TrackerUITests.swift in Sources */,
				D5DC2D722985CD6D001F9D7B /* TrackerUITestsLaunchTests.swift in Sources */,
			);
			runOnlyForDeploymentPostprocessing = 0;
		};
/* End PBXSourcesBuildPhase section */

/* Begin PBXTargetDependency section */
		D5DC2D632985CD6D001F9D7B /* PBXTargetDependency */ = {
			isa = PBXTargetDependency;
			target = D5DC2D472985CD6C001F9D7B /* Tracker */;
			targetProxy = D5DC2D622985CD6D001F9D7B /* PBXContainerItemProxy */;
		};
		D5DC2D6D2985CD6D001F9D7B /* PBXTargetDependency */ = {
			isa = PBXTargetDependency;
			target = D5DC2D472985CD6C001F9D7B /* Tracker */;
			targetProxy = D5DC2D6C2985CD6D001F9D7B /* PBXContainerItemProxy */;
		};
/* End PBXTargetDependency section */

/* Begin PBXVariantGroup section */
		D5DC2D512985CD6C001F9D7B /* Main.storyboard */ = {
			isa = PBXVariantGroup;
			children = (
				D5DC2D522985CD6C001F9D7B /* Base */,
			);
			name = Main.storyboard;
			sourceTree = "<group>";
		};
		D5DC2D592985CD6D001F9D7B /* LaunchScreen.storyboard */ = {
			isa = PBXVariantGroup;
			children = (
				D5DC2D5A2985CD6D001F9D7B /* Base */,
			);
			name = LaunchScreen.storyboard;
			sourceTree = "<group>";
		};
/* End PBXVariantGroup section */

/* Begin XCBuildConfiguration section */
		D5DC2D732985CD6D001F9D7B /* Debug */ = {
			isa = XCBuildConfiguration;
			buildSettings = {
				ALWAYS_SEARCH_USER_PATHS = NO;
				CLANG_ANALYZER_NONNULL = YES;
				CLANG_ANALYZER_NUMBER_OBJECT_CONVERSION = YES_AGGRESSIVE;
				CLANG_CXX_LANGUAGE_STANDARD = "gnu++20";
				CLANG_ENABLE_MODULES = YES;
				CLANG_ENABLE_OBJC_ARC = YES;
				CLANG_ENABLE_OBJC_WEAK = YES;
				CLANG_WARN_BLOCK_CAPTURE_AUTORELEASING = YES;
				CLANG_WARN_BOOL_CONVERSION = YES;
				CLANG_WARN_COMMA = YES;
				CLANG_WARN_CONSTANT_CONVERSION = YES;
				CLANG_WARN_DEPRECATED_OBJC_IMPLEMENTATIONS = YES;
				CLANG_WARN_DIRECT_OBJC_ISA_USAGE = YES_ERROR;
				CLANG_WARN_DOCUMENTATION_COMMENTS = YES;
				CLANG_WARN_EMPTY_BODY = YES;
				CLANG_WARN_ENUM_CONVERSION = YES;
				CLANG_WARN_INFINITE_RECURSION = YES;
				CLANG_WARN_INT_CONVERSION = YES;
				CLANG_WARN_NON_LITERAL_NULL_CONVERSION = YES;
				CLANG_WARN_OBJC_IMPLICIT_RETAIN_SELF = YES;
				CLANG_WARN_OBJC_LITERAL_CONVERSION = YES;
				CLANG_WARN_OBJC_ROOT_CLASS = YES_ERROR;
				CLANG_WARN_QUOTED_INCLUDE_IN_FRAMEWORK_HEADER = YES;
				CLANG_WARN_RANGE_LOOP_ANALYSIS = YES;
				CLANG_WARN_STRICT_PROTOTYPES = YES;
				CLANG_WARN_SUSPICIOUS_MOVE = YES;
				CLANG_WARN_UNGUARDED_AVAILABILITY = YES_AGGRESSIVE;
				CLANG_WARN_UNREACHABLE_CODE = YES;
				CLANG_WARN__DUPLICATE_METHOD_MATCH = YES;
				COPY_PHASE_STRIP = NO;
				DEBUG_INFORMATION_FORMAT = dwarf;
				ENABLE_STRICT_OBJC_MSGSEND = YES;
				ENABLE_TESTABILITY = YES;
				GCC_C_LANGUAGE_STANDARD = gnu11;
				GCC_DYNAMIC_NO_PIC = NO;
				GCC_NO_COMMON_BLOCKS = YES;
				GCC_OPTIMIZATION_LEVEL = 0;
				GCC_PREPROCESSOR_DEFINITIONS = (
					"DEBUG=1",
					"$(inherited)",
				);
				GCC_WARN_64_TO_32_BIT_CONVERSION = YES;
				GCC_WARN_ABOUT_RETURN_TYPE = YES_ERROR;
				GCC_WARN_UNDECLARED_SELECTOR = YES;
				GCC_WARN_UNINITIALIZED_AUTOS = YES_AGGRESSIVE;
				GCC_WARN_UNUSED_FUNCTION = YES;
				GCC_WARN_UNUSED_VARIABLE = YES;
				IPHONEOS_DEPLOYMENT_TARGET = 16.2;
				MTL_ENABLE_DEBUG_INFO = INCLUDE_SOURCE;
				MTL_FAST_MATH = YES;
				ONLY_ACTIVE_ARCH = YES;
				SDKROOT = iphoneos;
				SWIFT_ACTIVE_COMPILATION_CONDITIONS = DEBUG;
				SWIFT_OPTIMIZATION_LEVEL = "-Onone";
			};
			name = Debug;
		};
		D5DC2D742985CD6D001F9D7B /* Release */ = {
			isa = XCBuildConfiguration;
			buildSettings = {
				ALWAYS_SEARCH_USER_PATHS = NO;
				CLANG_ANALYZER_NONNULL = YES;
				CLANG_ANALYZER_NUMBER_OBJECT_CONVERSION = YES_AGGRESSIVE;
				CLANG_CXX_LANGUAGE_STANDARD = "gnu++20";
				CLANG_ENABLE_MODULES = YES;
				CLANG_ENABLE_OBJC_ARC = YES;
				CLANG_ENABLE_OBJC_WEAK = YES;
				CLANG_WARN_BLOCK_CAPTURE_AUTORELEASING = YES;
				CLANG_WARN_BOOL_CONVERSION = YES;
				CLANG_WARN_COMMA = YES;
				CLANG_WARN_CONSTANT_CONVERSION = YES;
				CLANG_WARN_DEPRECATED_OBJC_IMPLEMENTATIONS = YES;
				CLANG_WARN_DIRECT_OBJC_ISA_USAGE = YES_ERROR;
				CLANG_WARN_DOCUMENTATION_COMMENTS = YES;
				CLANG_WARN_EMPTY_BODY = YES;
				CLANG_WARN_ENUM_CONVERSION = YES;
				CLANG_WARN_INFINITE_RECURSION = YES;
				CLANG_WARN_INT_CONVERSION = YES;
				CLANG_WARN_NON_LITERAL_NULL_CONVERSION = YES;
				CLANG_WARN_OBJC_IMPLICIT_RETAIN_SELF = YES;
				CLANG_WARN_OBJC_LITERAL_CONVERSION = YES;
				CLANG_WARN_OBJC_ROOT_CLASS = YES_ERROR;
				CLANG_WARN_QUOTED_INCLUDE_IN_FRAMEWORK_HEADER = YES;
				CLANG_WARN_RANGE_LOOP_ANALYSIS = YES;
				CLANG_WARN_STRICT_PROTOTYPES = YES;
				CLANG_WARN_SUSPICIOUS_MOVE = YES;
				CLANG_WARN_UNGUARDED_AVAILABILITY = YES_AGGRESSIVE;
				CLANG_WARN_UNREACHABLE_CODE = YES;
				CLANG_WARN__DUPLICATE_METHOD_MATCH = YES;
				COPY_PHASE_STRIP = NO;
				DEBUG_INFORMATION_FORMAT = "dwarf-with-dsym";
				ENABLE_NS_ASSERTIONS = NO;
				ENABLE_STRICT_OBJC_MSGSEND = YES;
				GCC_C_LANGUAGE_STANDARD = gnu11;
				GCC_NO_COMMON_BLOCKS = YES;
				GCC_WARN_64_TO_32_BIT_CONVERSION = YES;
				GCC_WARN_ABOUT_RETURN_TYPE = YES_ERROR;
				GCC_WARN_UNDECLARED_SELECTOR = YES;
				GCC_WARN_UNINITIALIZED_AUTOS = YES_AGGRESSIVE;
				GCC_WARN_UNUSED_FUNCTION = YES;
				GCC_WARN_UNUSED_VARIABLE = YES;
				IPHONEOS_DEPLOYMENT_TARGET = 16.2;
				MTL_ENABLE_DEBUG_INFO = NO;
				MTL_FAST_MATH = YES;
				SDKROOT = iphoneos;
				SWIFT_COMPILATION_MODE = wholemodule;
				SWIFT_OPTIMIZATION_LEVEL = "-O";
				VALIDATE_PRODUCT = YES;
			};
			name = Release;
		};
		D5DC2D762985CD6D001F9D7B /* Debug */ = {
			isa = XCBuildConfiguration;
			buildSettings = {
				ASSETCATALOG_COMPILER_APPICON_NAME = AppIcon;
				ASSETCATALOG_COMPILER_GLOBAL_ACCENT_COLOR_NAME = AccentColor;
				CODE_SIGN_STYLE = Automatic;
				CURRENT_PROJECT_VERSION = 1;
				DEVELOPMENT_TEAM = L3GX9T5F55;
				GENERATE_INFOPLIST_FILE = YES;
				INFOPLIST_FILE = Tracker/Info.plist;
				INFOPLIST_KEY_UIApplicationSupportsIndirectInputEvents = YES;
				INFOPLIST_KEY_UILaunchStoryboardName = LaunchScreen;
				INFOPLIST_KEY_UIMainStoryboardFile = Main;
				INFOPLIST_KEY_UISupportedInterfaceOrientations = UIInterfaceOrientationPortrait;
				IPHONEOS_DEPLOYMENT_TARGET = 13.4;
				LD_RUNPATH_SEARCH_PATHS = (
					"$(inherited)",
					"@executable_path/Frameworks",
				);
				MARKETING_VERSION = 1.0;
				PRODUCT_BUNDLE_IDENTIFIER = ru.yandex.practicum.snowsergo.Tracker;
				PRODUCT_NAME = "$(TARGET_NAME)";
				SWIFT_EMIT_LOC_STRINGS = YES;
				SWIFT_VERSION = 5.0;
				TARGETED_DEVICE_FAMILY = "1,2";
			};
			name = Debug;
		};
		D5DC2D772985CD6D001F9D7B /* Release */ = {
			isa = XCBuildConfiguration;
			buildSettings = {
				ASSETCATALOG_COMPILER_APPICON_NAME = AppIcon;
				ASSETCATALOG_COMPILER_GLOBAL_ACCENT_COLOR_NAME = AccentColor;
				CODE_SIGN_STYLE = Automatic;
				CURRENT_PROJECT_VERSION = 1;
				DEVELOPMENT_TEAM = L3GX9T5F55;
				GENERATE_INFOPLIST_FILE = YES;
				INFOPLIST_FILE = Tracker/Info.plist;
				INFOPLIST_KEY_UIApplicationSupportsIndirectInputEvents = YES;
				INFOPLIST_KEY_UILaunchStoryboardName = LaunchScreen;
				INFOPLIST_KEY_UIMainStoryboardFile = Main;
				INFOPLIST_KEY_UISupportedInterfaceOrientations = UIInterfaceOrientationPortrait;
				IPHONEOS_DEPLOYMENT_TARGET = 13.4;
				LD_RUNPATH_SEARCH_PATHS = (
					"$(inherited)",
					"@executable_path/Frameworks",
				);
				MARKETING_VERSION = 1.0;
				PRODUCT_BUNDLE_IDENTIFIER = ru.yandex.practicum.snowsergo.Tracker;
				PRODUCT_NAME = "$(TARGET_NAME)";
				SWIFT_EMIT_LOC_STRINGS = YES;
				SWIFT_VERSION = 5.0;
				TARGETED_DEVICE_FAMILY = "1,2";
			};
			name = Release;
		};
		D5DC2D792985CD6D001F9D7B /* Debug */ = {
			isa = XCBuildConfiguration;
			buildSettings = {
				ALWAYS_EMBED_SWIFT_STANDARD_LIBRARIES = YES;
				BUNDLE_LOADER = "$(TEST_HOST)";
				CODE_SIGN_STYLE = Automatic;
				CURRENT_PROJECT_VERSION = 1;
				DEVELOPMENT_TEAM = L3GX9T5F55;
				GENERATE_INFOPLIST_FILE = YES;
				IPHONEOS_DEPLOYMENT_TARGET = 16.2;
				MARKETING_VERSION = 1.0;
				PRODUCT_BUNDLE_IDENTIFIER = ru.yandex.practicum.snowsergo.TrackerTests;
				PRODUCT_NAME = "$(TARGET_NAME)";
				SWIFT_EMIT_LOC_STRINGS = NO;
				SWIFT_VERSION = 5.0;
				TARGETED_DEVICE_FAMILY = "1,2";
				TEST_HOST = "$(BUILT_PRODUCTS_DIR)/Tracker.app/$(BUNDLE_EXECUTABLE_FOLDER_PATH)/Tracker";
			};
			name = Debug;
		};
		D5DC2D7A2985CD6D001F9D7B /* Release */ = {
			isa = XCBuildConfiguration;
			buildSettings = {
				ALWAYS_EMBED_SWIFT_STANDARD_LIBRARIES = YES;
				BUNDLE_LOADER = "$(TEST_HOST)";
				CODE_SIGN_STYLE = Automatic;
				CURRENT_PROJECT_VERSION = 1;
				DEVELOPMENT_TEAM = L3GX9T5F55;
				GENERATE_INFOPLIST_FILE = YES;
				IPHONEOS_DEPLOYMENT_TARGET = 16.2;
				MARKETING_VERSION = 1.0;
				PRODUCT_BUNDLE_IDENTIFIER = ru.yandex.practicum.snowsergo.TrackerTests;
				PRODUCT_NAME = "$(TARGET_NAME)";
				SWIFT_EMIT_LOC_STRINGS = NO;
				SWIFT_VERSION = 5.0;
				TARGETED_DEVICE_FAMILY = "1,2";
				TEST_HOST = "$(BUILT_PRODUCTS_DIR)/Tracker.app/$(BUNDLE_EXECUTABLE_FOLDER_PATH)/Tracker";
			};
			name = Release;
		};
		D5DC2D7C2985CD6D001F9D7B /* Debug */ = {
			isa = XCBuildConfiguration;
			buildSettings = {
				ALWAYS_EMBED_SWIFT_STANDARD_LIBRARIES = YES;
				CODE_SIGN_STYLE = Automatic;
				CURRENT_PROJECT_VERSION = 1;
				DEVELOPMENT_TEAM = L3GX9T5F55;
				GENERATE_INFOPLIST_FILE = YES;
				MARKETING_VERSION = 1.0;
				PRODUCT_BUNDLE_IDENTIFIER = ru.yandex.practicum.snowsergo.TrackerUITests;
				PRODUCT_NAME = "$(TARGET_NAME)";
				SWIFT_EMIT_LOC_STRINGS = NO;
				SWIFT_VERSION = 5.0;
				TARGETED_DEVICE_FAMILY = "1,2";
				TEST_TARGET_NAME = Tracker;
			};
			name = Debug;
		};
		D5DC2D7D2985CD6D001F9D7B /* Release */ = {
			isa = XCBuildConfiguration;
			buildSettings = {
				ALWAYS_EMBED_SWIFT_STANDARD_LIBRARIES = YES;
				CODE_SIGN_STYLE = Automatic;
				CURRENT_PROJECT_VERSION = 1;
				DEVELOPMENT_TEAM = L3GX9T5F55;
				GENERATE_INFOPLIST_FILE = YES;
				MARKETING_VERSION = 1.0;
				PRODUCT_BUNDLE_IDENTIFIER = ru.yandex.practicum.snowsergo.TrackerUITests;
				PRODUCT_NAME = "$(TARGET_NAME)";
				SWIFT_EMIT_LOC_STRINGS = NO;
				SWIFT_VERSION = 5.0;
				TARGETED_DEVICE_FAMILY = "1,2";
				TEST_TARGET_NAME = Tracker;
			};
			name = Release;
		};
/* End XCBuildConfiguration section */

/* Begin XCConfigurationList section */
		D5DC2D432985CD6C001F9D7B /* Build configuration list for PBXProject "Tracker" */ = {
			isa = XCConfigurationList;
			buildConfigurations = (
				D5DC2D732985CD6D001F9D7B /* Debug */,
				D5DC2D742985CD6D001F9D7B /* Release */,
			);
			defaultConfigurationIsVisible = 0;
			defaultConfigurationName = Release;
		};
		D5DC2D752985CD6D001F9D7B /* Build configuration list for PBXNativeTarget "Tracker" */ = {
			isa = XCConfigurationList;
			buildConfigurations = (
				D5DC2D762985CD6D001F9D7B /* Debug */,
				D5DC2D772985CD6D001F9D7B /* Release */,
			);
			defaultConfigurationIsVisible = 0;
			defaultConfigurationName = Release;
		};
		D5DC2D782985CD6D001F9D7B /* Build configuration list for PBXNativeTarget "TrackerTests" */ = {
			isa = XCConfigurationList;
			buildConfigurations = (
				D5DC2D792985CD6D001F9D7B /* Debug */,
				D5DC2D7A2985CD6D001F9D7B /* Release */,
			);
			defaultConfigurationIsVisible = 0;
			defaultConfigurationName = Release;
		};
		D5DC2D7B2985CD6D001F9D7B /* Build configuration list for PBXNativeTarget "TrackerUITests" */ = {
			isa = XCConfigurationList;
			buildConfigurations = (
				D5DC2D7C2985CD6D001F9D7B /* Debug */,
				D5DC2D7D2985CD6D001F9D7B /* Release */,
			);
			defaultConfigurationIsVisible = 0;
			defaultConfigurationName = Release;
		};
/* End XCConfigurationList section */

/* Begin XCVersionGroup section */
		D5DC2D542985CD6C001F9D7B /* Tracker.xcdatamodeld */ = {
			isa = XCVersionGroup;
			children = (
				D5DC2D552985CD6C001F9D7B /* Tracker.xcdatamodel */,
			);
			currentVersion = D5DC2D552985CD6C001F9D7B /* Tracker.xcdatamodel */;
			path = Tracker.xcdatamodeld;
			sourceTree = "<group>";
			versionGroupType = wrapper.xcdatamodel;
		};
/* End XCVersionGroup section */
	};
	rootObject = D5DC2D402985CD6C001F9D7B /* Project object */;
}
